<?xml version="1.0" encoding="utf-8"?>
<Project ToolsVersion="4.0" xmlns="http://schemas.microsoft.com/developer/msbuild/2003">
  <ItemGroup>
    <ClInclude Include="nacl_phystest.h" />
  </ItemGroup>
  <ItemGroup>
    <ClCompile Include="nacl_phystest.cpp" />
  </ItemGroup>
  <ItemGroup>
    <Filter Include="generated">
      <UniqueIdentifier>{4fc7662b-b17a-49b9-acd1-0cf767183b07}</UniqueIdentifier>
    </Filter>
    <Filter Include="physics">
      <UniqueIdentifier>{ccecd634-9321-4c49-9471-e9da50dda6d4}</UniqueIdentifier>
    </Filter>
  </ItemGroup>
  <ItemGroup>
    <None Include="Makefile.am" />
  </ItemGroup>
</Project>