
Microsoft Visual Studio Solution File, Format Version 12.00
# Visual Studio Version 17
VisualStudioVersion = 17.8.34511.84
MinimumVisualStudioVersion = 15.0.26730.03
Project("{8BC9CEB8-8B4A-11D0-8D11-00A0C91BC942}") = "lolengine", "src\lolengine.vcxproj", "{9E62F2FE-3408-4EAE-8238-FD84238CEEDA}"
EndProject
Project("{8BC9CEB8-8B4A-11D0-8D11-00A0C91BC942}") = "test-base", "src\t\test-base.vcxproj", "{8F59A635-0240-4D7F-A80D-050C3F1670C2}"
EndProject
Project("{8BC9CEB8-8B4A-11D0-8D11-00A0C91BC942}") = "test-math", "src\t\test-math.vcxproj", "{962D4E25-45D3-4ACE-8C02-69FA3713ABD4}"
EndProject
Project("{8BC9CEB8-8B4A-11D0-8D11-00A0C91BC942}") = "test-sys", "src\t\test-sys.vcxproj", "{1782F849-B6E1-466D-9F02-A751F3F8712C}"
EndProject
Project("{8BC9CEB8-8B4A-11D0-8D11-00A0C91BC942}") = "test-image", "src\t\test-image.vcxproj", "{5A27FF18-A1EC-49BE-9455-415F1C701153}"
EndProject
Project("{8BC9CEB8-8B4A-11D0-8D11-00A0C91BC942}") = "test-entity", "src\t\test-entity.vcxproj", "{D7F6C2CA-5A13-4FD0-8468-1833923E3EE3}"
EndProject
Project("{2150E333-8FDC-42A3-9474-1A3956D46DE8}") = "Engine", "Engine", "{1AFD580B-98B8-4689-B661-38C41132C60E}"
EndProject
Project("{2150E333-8FDC-42A3-9474-1A3956D46DE8}") = "Test", "Test", "{E4DFEBF9-C310-462F-9876-7EB59C1E4D4E}"
EndProject
Project("{2150E333-8FDC-42A3-9474-1A3956D46DE8}") = "Examples", "Examples", "{4FD6944D-7D73-400F-B040-437021707A83}"
EndProject
Project("{8BC9CEB8-8B4A-11D0-8D11-00A0C91BC942}") = "00_empty", "examples\00_empty.vcxproj", "{C57C9F9F-8EAE-4265-A210-B0CAA717A3A0}"
EndProject
Global
	GlobalSection(SolutionConfigurationPlatforms) = preSolution
		Debug|PS4 (Orbis) = Debug|PS4 (Orbis)
		Debug|PS5 (Prospero) = Debug|PS5 (Prospero)
		Debug|Switch (NX64) = Debug|Switch (NX64)
		Debug|Win32 = Debug|Win32
		Debug|Win64 (ARM64) = Debug|Win64 (ARM64)
		Debug|Win64 (x64) = Debug|Win64 (x64)
		Debug|XB1 (Durango) = Debug|XB1 (Durango)
		Debug|XSX (Scarlett) = Debug|XSX (Scarlett)
		Release|PS4 (Orbis) = Release|PS4 (Orbis)
		Release|PS5 (Prospero) = Release|PS5 (Prospero)
		Release|Switch (NX64) = Release|Switch (NX64)
		Release|Win32 = Release|Win32
		Release|Win64 (ARM64) = Release|Win64 (ARM64)
		Release|Win64 (x64) = Release|Win64 (x64)
		Release|XB1 (Durango) = Release|XB1 (Durango)
		Release|XSX (Scarlett) = Release|XSX (Scarlett)
	EndGlobalSection
	GlobalSection(ProjectConfigurationPlatforms) = postSolution
		{9E62F2FE-3408-4EAE-8238-FD84238CEEDA}.Debug|PS4 (Orbis).ActiveCfg = Debug|ORBIS
		{9E62F2FE-3408-4EAE-8238-FD84238CEEDA}.Debug|PS4 (Orbis).Build.0 = Debug|ORBIS
		{9E62F2FE-3408-4EAE-8238-FD84238CEEDA}.Debug|PS5 (Prospero).ActiveCfg = Debug|Prospero
		{9E62F2FE-3408-4EAE-8238-FD84238CEEDA}.Debug|PS5 (Prospero).Build.0 = Debug|Prospero
		{9E62F2FE-3408-4EAE-8238-FD84238CEEDA}.Debug|Switch (NX64).ActiveCfg = Debug|NX64
		{9E62F2FE-3408-4EAE-8238-FD84238CEEDA}.Debug|Switch (NX64).Build.0 = Debug|NX64
		{9E62F2FE-3408-4EAE-8238-FD84238CEEDA}.Debug|Win32.ActiveCfg = Debug|Win32
		{9E62F2FE-3408-4EAE-8238-FD84238CEEDA}.Debug|Win32.Build.0 = Debug|Win32
		{9E62F2FE-3408-4EAE-8238-FD84238CEEDA}.Debug|Win64 (ARM64).ActiveCfg = Debug|ARM64
		{9E62F2FE-3408-4EAE-8238-FD84238CEEDA}.Debug|Win64 (ARM64).Build.0 = Debug|ARM64
		{9E62F2FE-3408-4EAE-8238-FD84238CEEDA}.Debug|Win64 (x64).ActiveCfg = Debug|x64
		{9E62F2FE-3408-4EAE-8238-FD84238CEEDA}.Debug|Win64 (x64).Build.0 = Debug|x64
		{9E62F2FE-3408-4EAE-8238-FD84238CEEDA}.Debug|XB1 (Durango).ActiveCfg = Debug|Gaming.Xbox.XboxOne.x64
		{9E62F2FE-3408-4EAE-8238-FD84238CEEDA}.Debug|XB1 (Durango).Build.0 = Debug|Gaming.Xbox.XboxOne.x64
		{9E62F2FE-3408-4EAE-8238-FD84238CEEDA}.Debug|XSX (Scarlett).ActiveCfg = Debug|Gaming.Xbox.Scarlett.x64
		{9E62F2FE-3408-4EAE-8238-FD84238CEEDA}.Debug|XSX (Scarlett).Build.0 = Debug|Gaming.Xbox.Scarlett.x64
		{9E62F2FE-3408-4EAE-8238-FD84238CEEDA}.Release|PS4 (Orbis).ActiveCfg = Release|ORBIS
		{9E62F2FE-3408-4EAE-8238-FD84238CEEDA}.Release|PS4 (Orbis).Build.0 = Release|ORBIS
		{9E62F2FE-3408-4EAE-8238-FD84238CEEDA}.Release|PS5 (Prospero).ActiveCfg = Release|Prospero
		{9E62F2FE-3408-4EAE-8238-FD84238CEEDA}.Release|PS5 (Prospero).Build.0 = Release|Prospero
		{9E62F2FE-3408-4EAE-8238-FD84238CEEDA}.Release|Switch (NX64).ActiveCfg = Release|NX64
		{9E62F2FE-3408-4EAE-8238-FD84238CEEDA}.Release|Switch (NX64).Build.0 = Release|NX64
		{9E62F2FE-3408-4EAE-8238-FD84238CEEDA}.Release|Win32.ActiveCfg = Release|Win32
		{9E62F2FE-3408-4EAE-8238-FD84238CEEDA}.Release|Win32.Build.0 = Release|Win32
		{9E62F2FE-3408-4EAE-8238-FD84238CEEDA}.Release|Win64 (ARM64).ActiveCfg = Release|ARM64
		{9E62F2FE-3408-4EAE-8238-FD84238CEEDA}.Release|Win64 (ARM64).Build.0 = Release|ARM64
		{9E62F2FE-3408-4EAE-8238-FD84238CEEDA}.Release|Win64 (x64).ActiveCfg = Release|x64
		{9E62F2FE-3408-4EAE-8238-FD84238CEEDA}.Release|Win64 (x64).Build.0 = Release|x64
		{9E62F2FE-3408-4EAE-8238-FD84238CEEDA}.Release|XB1 (Durango).ActiveCfg = Release|Gaming.Xbox.XboxOne.x64
		{9E62F2FE-3408-4EAE-8238-FD84238CEEDA}.Release|XB1 (Durango).Build.0 = Release|Gaming.Xbox.XboxOne.x64
		{9E62F2FE-3408-4EAE-8238-FD84238CEEDA}.Release|XSX (Scarlett).ActiveCfg = Release|Gaming.Xbox.Scarlett.x64
		{9E62F2FE-3408-4EAE-8238-FD84238CEEDA}.Release|XSX (Scarlett).Build.0 = Release|Gaming.Xbox.Scarlett.x64
		{8F59A635-0240-4D7F-A80D-050C3F1670C2}.Debug|PS4 (Orbis).ActiveCfg = Debug|ORBIS
		{8F59A635-0240-4D7F-A80D-050C3F1670C2}.Debug|PS4 (Orbis).Build.0 = Debug|ORBIS
		{8F59A635-0240-4D7F-A80D-050C3F1670C2}.Debug|PS5 (Prospero).ActiveCfg = Debug|Prospero
		{8F59A635-0240-4D7F-A80D-050C3F1670C2}.Debug|PS5 (Prospero).Build.0 = Debug|Prospero
		{8F59A635-0240-4D7F-A80D-050C3F1670C2}.Debug|Switch (NX64).ActiveCfg = Debug|NX64
		{8F59A635-0240-4D7F-A80D-050C3F1670C2}.Debug|Switch (NX64).Build.0 = Debug|NX64
		{8F59A635-0240-4D7F-A80D-050C3F1670C2}.Debug|Win32.ActiveCfg = Debug|Win32
		{8F59A635-0240-4D7F-A80D-050C3F1670C2}.Debug|Win32.Build.0 = Debug|Win32
		{8F59A635-0240-4D7F-A80D-050C3F1670C2}.Debug|Win64 (ARM64).ActiveCfg = Debug|ARM64
		{8F59A635-0240-4D7F-A80D-050C3F1670C2}.Debug|Win64 (ARM64).Build.0 = Debug|ARM64
		{8F59A635-0240-4D7F-A80D-050C3F1670C2}.Debug|Win64 (x64).ActiveCfg = Debug|x64
		{8F59A635-0240-4D7F-A80D-050C3F1670C2}.Debug|Win64 (x64).Build.0 = Debug|x64
		{8F59A635-0240-4D7F-A80D-050C3F1670C2}.Debug|XB1 (Durango).ActiveCfg = Debug|Gaming.Xbox.XboxOne.x64
		{8F59A635-0240-4D7F-A80D-050C3F1670C2}.Debug|XB1 (Durango).Build.0 = Debug|Gaming.Xbox.XboxOne.x64
		{8F59A635-0240-4D7F-A80D-050C3F1670C2}.Debug|XB1 (Durango).Deploy.0 = Debug|Gaming.Xbox.XboxOne.x64
		{8F59A635-0240-4D7F-A80D-050C3F1670C2}.Debug|XSX (Scarlett).ActiveCfg = Debug|Gaming.Xbox.Scarlett.x64
		{8F59A635-0240-4D7F-A80D-050C3F1670C2}.Debug|XSX (Scarlett).Build.0 = Debug|Gaming.Xbox.Scarlett.x64
		{8F59A635-0240-4D7F-A80D-050C3F1670C2}.Debug|XSX (Scarlett).Deploy.0 = Debug|Gaming.Xbox.Scarlett.x64
		{8F59A635-0240-4D7F-A80D-050C3F1670C2}.Release|PS4 (Orbis).ActiveCfg = Release|ORBIS
		{8F59A635-0240-4D7F-A80D-050C3F1670C2}.Release|PS4 (Orbis).Build.0 = Release|ORBIS
		{8F59A635-0240-4D7F-A80D-050C3F1670C2}.Release|PS5 (Prospero).ActiveCfg = Release|Prospero
		{8F59A635-0240-4D7F-A80D-050C3F1670C2}.Release|PS5 (Prospero).Build.0 = Release|Prospero
		{8F59A635-0240-4D7F-A80D-050C3F1670C2}.Release|Switch (NX64).ActiveCfg = Release|NX64
		{8F59A635-0240-4D7F-A80D-050C3F1670C2}.Release|Switch (NX64).Build.0 = Release|NX64
		{8F59A635-0240-4D7F-A80D-050C3F1670C2}.Release|Win32.ActiveCfg = Release|Win32
		{8F59A635-0240-4D7F-A80D-050C3F1670C2}.Release|Win32.Build.0 = Release|Win32
		{8F59A635-0240-4D7F-A80D-050C3F1670C2}.Release|Win64 (ARM64).ActiveCfg = Release|ARM64
		{8F59A635-0240-4D7F-A80D-050C3F1670C2}.Release|Win64 (ARM64).Build.0 = Release|ARM64
		{8F59A635-0240-4D7F-A80D-050C3F1670C2}.Release|Win64 (x64).ActiveCfg = Release|x64
		{8F59A635-0240-4D7F-A80D-050C3F1670C2}.Release|Win64 (x64).Build.0 = Release|x64
		{8F59A635-0240-4D7F-A80D-050C3F1670C2}.Release|XB1 (Durango).ActiveCfg = Release|Gaming.Xbox.XboxOne.x64
		{8F59A635-0240-4D7F-A80D-050C3F1670C2}.Release|XB1 (Durango).Build.0 = Release|Gaming.Xbox.XboxOne.x64
		{8F59A635-0240-4D7F-A80D-050C3F1670C2}.Release|XB1 (Durango).Deploy.0 = Release|Gaming.Xbox.XboxOne.x64
		{8F59A635-0240-4D7F-A80D-050C3F1670C2}.Release|XSX (Scarlett).ActiveCfg = Release|Gaming.Xbox.Scarlett.x64
		{8F59A635-0240-4D7F-A80D-050C3F1670C2}.Release|XSX (Scarlett).Build.0 = Release|Gaming.Xbox.Scarlett.x64
		{8F59A635-0240-4D7F-A80D-050C3F1670C2}.Release|XSX (Scarlett).Deploy.0 = Release|Gaming.Xbox.Scarlett.x64
		{962D4E25-45D3-4ACE-8C02-69FA3713ABD4}.Debug|PS4 (Orbis).ActiveCfg = Debug|ORBIS
		{962D4E25-45D3-4ACE-8C02-69FA3713ABD4}.Debug|PS4 (Orbis).Build.0 = Debug|ORBIS
		{962D4E25-45D3-4ACE-8C02-69FA3713ABD4}.Debug|PS5 (Prospero).ActiveCfg = Debug|Prospero
		{962D4E25-45D3-4ACE-8C02-69FA3713ABD4}.Debug|PS5 (Prospero).Build.0 = Debug|Prospero
		{962D4E25-45D3-4ACE-8C02-69FA3713ABD4}.Debug|Switch (NX64).ActiveCfg = Debug|NX64
		{962D4E25-45D3-4ACE-8C02-69FA3713ABD4}.Debug|Switch (NX64).Build.0 = Debug|NX64
		{962D4E25-45D3-4ACE-8C02-69FA3713ABD4}.Debug|Win32.ActiveCfg = Debug|Win32
		{962D4E25-45D3-4ACE-8C02-69FA3713ABD4}.Debug|Win32.Build.0 = Debug|Win32
		{962D4E25-45D3-4ACE-8C02-69FA3713ABD4}.Debug|Win64 (ARM64).ActiveCfg = Debug|ARM64
		{962D4E25-45D3-4ACE-8C02-69FA3713ABD4}.Debug|Win64 (ARM64).Build.0 = Debug|ARM64
		{962D4E25-45D3-4ACE-8C02-69FA3713ABD4}.Debug|Win64 (x64).ActiveCfg = Debug|x64
		{962D4E25-45D3-4ACE-8C02-69FA3713ABD4}.Debug|Win64 (x64).Build.0 = Debug|x64
		{962D4E25-45D3-4ACE-8C02-69FA3713ABD4}.Debug|XB1 (Durango).ActiveCfg = Debug|Gaming.Xbox.XboxOne.x64
		{962D4E25-45D3-4ACE-8C02-69FA3713ABD4}.Debug|XB1 (Durango).Build.0 = Debug|Gaming.Xbox.XboxOne.x64
		{962D4E25-45D3-4ACE-8C02-69FA3713ABD4}.Debug|XB1 (Durango).Deploy.0 = Debug|Gaming.Xbox.XboxOne.x64
		{962D4E25-45D3-4ACE-8C02-69FA3713ABD4}.Debug|XSX (Scarlett).ActiveCfg = Debug|Gaming.Xbox.Scarlett.x64
		{962D4E25-45D3-4ACE-8C02-69FA3713ABD4}.Debug|XSX (Scarlett).Build.0 = Debug|Gaming.Xbox.Scarlett.x64
		{962D4E25-45D3-4ACE-8C02-69FA3713ABD4}.Debug|XSX (Scarlett).Deploy.0 = Debug|Gaming.Xbox.Scarlett.x64
		{962D4E25-45D3-4ACE-8C02-69FA3713ABD4}.Release|PS4 (Orbis).ActiveCfg = Release|ORBIS
		{962D4E25-45D3-4ACE-8C02-69FA3713ABD4}.Release|PS4 (Orbis).Build.0 = Release|ORBIS
		{962D4E25-45D3-4ACE-8C02-69FA3713ABD4}.Release|PS5 (Prospero).ActiveCfg = Release|Prospero
		{962D4E25-45D3-4ACE-8C02-69FA3713ABD4}.Release|PS5 (Prospero).Build.0 = Release|Prospero
		{962D4E25-45D3-4ACE-8C02-69FA3713ABD4}.Release|Switch (NX64).ActiveCfg = Release|NX64
		{962D4E25-45D3-4ACE-8C02-69FA3713ABD4}.Release|Switch (NX64).Build.0 = Release|NX64
		{962D4E25-45D3-4ACE-8C02-69FA3713ABD4}.Release|Win32.ActiveCfg = Release|Win32
		{962D4E25-45D3-4ACE-8C02-69FA3713ABD4}.Release|Win32.Build.0 = Release|Win32
		{962D4E25-45D3-4ACE-8C02-69FA3713ABD4}.Release|Win64 (ARM64).ActiveCfg = Release|ARM64
		{962D4E25-45D3-4ACE-8C02-69FA3713ABD4}.Release|Win64 (ARM64).Build.0 = Release|ARM64
		{962D4E25-45D3-4ACE-8C02-69FA3713ABD4}.Release|Win64 (x64).ActiveCfg = Release|x64
		{962D4E25-45D3-4ACE-8C02-69FA3713ABD4}.Release|Win64 (x64).Build.0 = Release|x64
		{962D4E25-45D3-4ACE-8C02-69FA3713ABD4}.Release|XB1 (Durango).ActiveCfg = Release|Gaming.Xbox.XboxOne.x64
		{962D4E25-45D3-4ACE-8C02-69FA3713ABD4}.Release|XB1 (Durango).Build.0 = Release|Gaming.Xbox.XboxOne.x64
		{962D4E25-45D3-4ACE-8C02-69FA3713ABD4}.Release|XB1 (Durango).Deploy.0 = Release|Gaming.Xbox.XboxOne.x64
		{962D4E25-45D3-4ACE-8C02-69FA3713ABD4}.Release|XSX (Scarlett).ActiveCfg = Release|Gaming.Xbox.Scarlett.x64
		{962D4E25-45D3-4ACE-8C02-69FA3713ABD4}.Release|XSX (Scarlett).Build.0 = Release|Gaming.Xbox.Scarlett.x64
		{962D4E25-45D3-4ACE-8C02-69FA3713ABD4}.Release|XSX (Scarlett).Deploy.0 = Release|Gaming.Xbox.Scarlett.x64
		{1782F849-B6E1-466D-9F02-A751F3F8712C}.Debug|PS4 (Orbis).ActiveCfg = Debug|ORBIS
		{1782F849-B6E1-466D-9F02-A751F3F8712C}.Debug|PS4 (Orbis).Build.0 = Debug|ORBIS
		{1782F849-B6E1-466D-9F02-A751F3F8712C}.Debug|PS5 (Prospero).ActiveCfg = Debug|Prospero
		{1782F849-B6E1-466D-9F02-A751F3F8712C}.Debug|PS5 (Prospero).Build.0 = Debug|Prospero
		{1782F849-B6E1-466D-9F02-A751F3F8712C}.Debug|Switch (NX64).ActiveCfg = Debug|NX64
		{1782F849-B6E1-466D-9F02-A751F3F8712C}.Debug|Switch (NX64).Build.0 = Debug|NX64
		{1782F849-B6E1-466D-9F02-A751F3F8712C}.Debug|Win32.ActiveCfg = Debug|Win32
		{1782F849-B6E1-466D-9F02-A751F3F8712C}.Debug|Win32.Build.0 = Debug|Win32
		{1782F849-B6E1-466D-9F02-A751F3F8712C}.Debug|Win64 (ARM64).ActiveCfg = Debug|ARM64
		{1782F849-B6E1-466D-9F02-A751F3F8712C}.Debug|Win64 (ARM64).Build.0 = Debug|ARM64
		{1782F849-B6E1-466D-9F02-A751F3F8712C}.Debug|Win64 (x64).ActiveCfg = Debug|x64
		{1782F849-B6E1-466D-9F02-A751F3F8712C}.Debug|Win64 (x64).Build.0 = Debug|x64
		{1782F849-B6E1-466D-9F02-A751F3F8712C}.Debug|XB1 (Durango).ActiveCfg = Debug|Gaming.Xbox.XboxOne.x64
		{1782F849-B6E1-466D-9F02-A751F3F8712C}.Debug|XB1 (Durango).Build.0 = Debug|Gaming.Xbox.XboxOne.x64
		{1782F849-B6E1-466D-9F02-A751F3F8712C}.Debug|XB1 (Durango).Deploy.0 = Debug|Gaming.Xbox.XboxOne.x64
		{1782F849-B6E1-466D-9F02-A751F3F8712C}.Debug|XSX (Scarlett).ActiveCfg = Debug|Gaming.Xbox.Scarlett.x64
		{1782F849-B6E1-466D-9F02-A751F3F8712C}.Debug|XSX (Scarlett).Build.0 = Debug|Gaming.Xbox.Scarlett.x64
		{1782F849-B6E1-466D-9F02-A751F3F8712C}.Debug|XSX (Scarlett).Deploy.0 = Debug|Gaming.Xbox.Scarlett.x64
		{1782F849-B6E1-466D-9F02-A751F3F8712C}.Release|PS4 (Orbis).ActiveCfg = Release|ORBIS
		{1782F849-B6E1-466D-9F02-A751F3F8712C}.Release|PS4 (Orbis).Build.0 = Release|ORBIS
		{1782F849-B6E1-466D-9F02-A751F3F8712C}.Release|PS5 (Prospero).ActiveCfg = Release|Prospero
		{1782F849-B6E1-466D-9F02-A751F3F8712C}.Release|PS5 (Prospero).Build.0 = Release|Prospero
		{1782F849-B6E1-466D-9F02-A751F3F8712C}.Release|Switch (NX64).ActiveCfg = Release|NX64
		{1782F849-B6E1-466D-9F02-A751F3F8712C}.Release|Switch (NX64).Build.0 = Release|NX64
		{1782F849-B6E1-466D-9F02-A751F3F8712C}.Release|Win32.ActiveCfg = Release|Win32
		{1782F849-B6E1-466D-9F02-A751F3F8712C}.Release|Win32.Build.0 = Release|Win32
		{1782F849-B6E1-466D-9F02-A751F3F8712C}.Release|Win64 (ARM64).ActiveCfg = Release|ARM64
		{1782F849-B6E1-466D-9F02-A751F3F8712C}.Release|Win64 (ARM64).Build.0 = Release|ARM64
		{1782F849-B6E1-466D-9F02-A751F3F8712C}.Release|Win64 (x64).ActiveCfg = Release|x64
		{1782F849-B6E1-466D-9F02-A751F3F8712C}.Release|Win64 (x64).Build.0 = Release|x64
		{1782F849-B6E1-466D-9F02-A751F3F8712C}.Release|XB1 (Durango).ActiveCfg = Release|Gaming.Xbox.XboxOne.x64
		{1782F849-B6E1-466D-9F02-A751F3F8712C}.Release|XB1 (Durango).Build.0 = Release|Gaming.Xbox.XboxOne.x64
		{1782F849-B6E1-466D-9F02-A751F3F8712C}.Release|XB1 (Durango).Deploy.0 = Release|Gaming.Xbox.XboxOne.x64
		{1782F849-B6E1-466D-9F02-A751F3F8712C}.Release|XSX (Scarlett).ActiveCfg = Release|Gaming.Xbox.Scarlett.x64
		{1782F849-B6E1-466D-9F02-A751F3F8712C}.Release|XSX (Scarlett).Build.0 = Release|Gaming.Xbox.Scarlett.x64
		{1782F849-B6E1-466D-9F02-A751F3F8712C}.Release|XSX (Scarlett).Deploy.0 = Release|Gaming.Xbox.Scarlett.x64
		{5A27FF18-A1EC-49BE-9455-415F1C701153}.Debug|PS4 (Orbis).ActiveCfg = Debug|ORBIS
		{5A27FF18-A1EC-49BE-9455-415F1C701153}.Debug|PS4 (Orbis).Build.0 = Debug|ORBIS
		{5A27FF18-A1EC-49BE-9455-415F1C701153}.Debug|PS5 (Prospero).ActiveCfg = Debug|Prospero
		{5A27FF18-A1EC-49BE-9455-415F1C701153}.Debug|PS5 (Prospero).Build.0 = Debug|Prospero
		{5A27FF18-A1EC-49BE-9455-415F1C701153}.Debug|Switch (NX64).ActiveCfg = Debug|NX64
		{5A27FF18-A1EC-49BE-9455-415F1C701153}.Debug|Switch (NX64).Build.0 = Debug|NX64
		{5A27FF18-A1EC-49BE-9455-415F1C701153}.Debug|Win32.ActiveCfg = Debug|Win32
		{5A27FF18-A1EC-49BE-9455-415F1C701153}.Debug|Win32.Build.0 = Debug|Win32
		{5A27FF18-A1EC-49BE-9455-415F1C701153}.Debug|Win64 (ARM64).ActiveCfg = Debug|ARM64
		{5A27FF18-A1EC-49BE-9455-415F1C701153}.Debug|Win64 (ARM64).Build.0 = Debug|ARM64
		{5A27FF18-A1EC-49BE-9455-415F1C701153}.Debug|Win64 (x64).ActiveCfg = Debug|x64
		{5A27FF18-A1EC-49BE-9455-415F1C701153}.Debug|Win64 (x64).Build.0 = Debug|x64
		{5A27FF18-A1EC-49BE-9455-415F1C701153}.Debug|XB1 (Durango).ActiveCfg = Debug|Gaming.Xbox.XboxOne.x64
		{5A27FF18-A1EC-49BE-9455-415F1C701153}.Debug|XB1 (Durango).Build.0 = Debug|Gaming.Xbox.XboxOne.x64
		{5A27FF18-A1EC-49BE-9455-415F1C701153}.Debug|XB1 (Durango).Deploy.0 = Debug|Gaming.Xbox.XboxOne.x64
		{5A27FF18-A1EC-49BE-9455-415F1C701153}.Debug|XSX (Scarlett).ActiveCfg = Debug|Gaming.Xbox.Scarlett.x64
		{5A27FF18-A1EC-49BE-9455-415F1C701153}.Debug|XSX (Scarlett).Build.0 = Debug|Gaming.Xbox.Scarlett.x64
		{5A27FF18-A1EC-49BE-9455-415F1C701153}.Debug|XSX (Scarlett).Deploy.0 = Debug|Gaming.Xbox.Scarlett.x64
		{5A27FF18-A1EC-49BE-9455-415F1C701153}.Release|PS4 (Orbis).ActiveCfg = Release|ORBIS
		{5A27FF18-A1EC-49BE-9455-415F1C701153}.Release|PS4 (Orbis).Build.0 = Release|ORBIS
		{5A27FF18-A1EC-49BE-9455-415F1C701153}.Release|PS5 (Prospero).ActiveCfg = Release|Prospero
		{5A27FF18-A1EC-49BE-9455-415F1C701153}.Release|PS5 (Prospero).Build.0 = Release|Prospero
		{5A27FF18-A1EC-49BE-9455-415F1C701153}.Release|Switch (NX64).ActiveCfg = Release|NX64
		{5A27FF18-A1EC-49BE-9455-415F1C701153}.Release|Switch (NX64).Build.0 = Release|NX64
		{5A27FF18-A1EC-49BE-9455-415F1C701153}.Release|Win32.ActiveCfg = Release|Win32
		{5A27FF18-A1EC-49BE-9455-415F1C701153}.Release|Win32.Build.0 = Release|Win32
		{5A27FF18-A1EC-49BE-9455-415F1C701153}.Release|Win64 (ARM64).ActiveCfg = Release|ARM64
		{5A27FF18-A1EC-49BE-9455-415F1C701153}.Release|Win64 (ARM64).Build.0 = Release|ARM64
		{5A27FF18-A1EC-49BE-9455-415F1C701153}.Release|Win64 (x64).ActiveCfg = Release|x64
		{5A27FF18-A1EC-49BE-9455-415F1C701153}.Release|Win64 (x64).Build.0 = Release|x64
		{5A27FF18-A1EC-49BE-9455-415F1C701153}.Release|XB1 (Durango).ActiveCfg = Release|Gaming.Xbox.XboxOne.x64
		{5A27FF18-A1EC-49BE-9455-415F1C701153}.Release|XB1 (Durango).Build.0 = Release|Gaming.Xbox.XboxOne.x64
		{5A27FF18-A1EC-49BE-9455-415F1C701153}.Release|XB1 (Durango).Deploy.0 = Release|Gaming.Xbox.XboxOne.x64
		{5A27FF18-A1EC-49BE-9455-415F1C701153}.Release|XSX (Scarlett).ActiveCfg = Release|Gaming.Xbox.Scarlett.x64
		{5A27FF18-A1EC-49BE-9455-415F1C701153}.Release|XSX (Scarlett).Build.0 = Release|Gaming.Xbox.Scarlett.x64
		{5A27FF18-A1EC-49BE-9455-415F1C701153}.Release|XSX (Scarlett).Deploy.0 = Release|Gaming.Xbox.Scarlett.x64
		{D7F6C2CA-5A13-4FD0-8468-1833923E3EE3}.Debug|PS4 (Orbis).ActiveCfg = Debug|ORBIS
		{D7F6C2CA-5A13-4FD0-8468-1833923E3EE3}.Debug|PS4 (Orbis).Build.0 = Debug|ORBIS
		{D7F6C2CA-5A13-4FD0-8468-1833923E3EE3}.Debug|PS5 (Prospero).ActiveCfg = Debug|Prospero
		{D7F6C2CA-5A13-4FD0-8468-1833923E3EE3}.Debug|PS5 (Prospero).Build.0 = Debug|Prospero
		{D7F6C2CA-5A13-4FD0-8468-1833923E3EE3}.Debug|Switch (NX64).ActiveCfg = Debug|NX64
		{D7F6C2CA-5A13-4FD0-8468-1833923E3EE3}.Debug|Switch (NX64).Build.0 = Debug|NX64
		{D7F6C2CA-5A13-4FD0-8468-1833923E3EE3}.Debug|Win32.ActiveCfg = Debug|Win32
		{D7F6C2CA-5A13-4FD0-8468-1833923E3EE3}.Debug|Win32.Build.0 = Debug|Win32
		{D7F6C2CA-5A13-4FD0-8468-1833923E3EE3}.Debug|Win64 (ARM64).ActiveCfg = Debug|ARM64
		{D7F6C2CA-5A13-4FD0-8468-1833923E3EE3}.Debug|Win64 (ARM64).Build.0 = Debug|ARM64
		{D7F6C2CA-5A13-4FD0-8468-1833923E3EE3}.Debug|Win64 (x64).ActiveCfg = Debug|x64
		{D7F6C2CA-5A13-4FD0-8468-1833923E3EE3}.Debug|Win64 (x64).Build.0 = Debug|x64
		{D7F6C2CA-5A13-4FD0-8468-1833923E3EE3}.Debug|XB1 (Durango).ActiveCfg = Debug|Gaming.Xbox.XboxOne.x64
		{D7F6C2CA-5A13-4FD0-8468-1833923E3EE3}.Debug|XB1 (Durango).Build.0 = Debug|Gaming.Xbox.XboxOne.x64
		{D7F6C2CA-5A13-4FD0-8468-1833923E3EE3}.Debug|XB1 (Durango).Deploy.0 = Debug|Gaming.Xbox.XboxOne.x64
		{D7F6C2CA-5A13-4FD0-8468-1833923E3EE3}.Debug|XSX (Scarlett).ActiveCfg = Debug|Gaming.Xbox.Scarlett.x64
		{D7F6C2CA-5A13-4FD0-8468-1833923E3EE3}.Debug|XSX (Scarlett).Build.0 = Debug|Gaming.Xbox.Scarlett.x64
		{D7F6C2CA-5A13-4FD0-8468-1833923E3EE3}.Debug|XSX (Scarlett).Deploy.0 = Debug|Gaming.Xbox.Scarlett.x64
		{D7F6C2CA-5A13-4FD0-8468-1833923E3EE3}.Release|PS4 (Orbis).ActiveCfg = Release|ORBIS
		{D7F6C2CA-5A13-4FD0-8468-1833923E3EE3}.Release|PS4 (Orbis).Build.0 = Release|ORBIS
		{D7F6C2CA-5A13-4FD0-8468-1833923E3EE3}.Release|PS5 (Prospero).ActiveCfg = Release|Prospero
		{D7F6C2CA-5A13-4FD0-8468-1833923E3EE3}.Release|PS5 (Prospero).Build.0 = Release|Prospero
		{D7F6C2CA-5A13-4FD0-8468-1833923E3EE3}.Release|Switch (NX64).ActiveCfg = Release|NX64
		{D7F6C2CA-5A13-4FD0-8468-1833923E3EE3}.Release|Switch (NX64).Build.0 = Release|NX64
		{D7F6C2CA-5A13-4FD0-8468-1833923E3EE3}.Release|Win32.ActiveCfg = Release|Win32
		{D7F6C2CA-5A13-4FD0-8468-1833923E3EE3}.Release|Win32.Build.0 = Release|Win32
		{D7F6C2CA-5A13-4FD0-8468-1833923E3EE3}.Release|Win64 (ARM64).ActiveCfg = Release|ARM64
		{D7F6C2CA-5A13-4FD0-8468-1833923E3EE3}.Release|Win64 (ARM64).Build.0 = Release|ARM64
		{D7F6C2CA-5A13-4FD0-8468-1833923E3EE3}.Release|Win64 (x64).ActiveCfg = Release|x64
		{D7F6C2CA-5A13-4FD0-8468-1833923E3EE3}.Release|Win64 (x64).Build.0 = Release|x64
		{D7F6C2CA-5A13-4FD0-8468-1833923E3EE3}.Release|XB1 (Durango).ActiveCfg = Release|Gaming.Xbox.XboxOne.x64
		{D7F6C2CA-5A13-4FD0-8468-1833923E3EE3}.Release|XB1 (Durango).Build.0 = Release|Gaming.Xbox.XboxOne.x64
		{D7F6C2CA-5A13-4FD0-8468-1833923E3EE3}.Release|XB1 (Durango).Deploy.0 = Release|Gaming.Xbox.XboxOne.x64
		{D7F6C2CA-5A13-4FD0-8468-1833923E3EE3}.Release|XSX (Scarlett).ActiveCfg = Release|Gaming.Xbox.Scarlett.x64
		{D7F6C2CA-5A13-4FD0-8468-1833923E3EE3}.Release|XSX (Scarlett).Build.0 = Release|Gaming.Xbox.Scarlett.x64
		{D7F6C2CA-5A13-4FD0-8468-1833923E3EE3}.Release|XSX (Scarlett).Deploy.0 = Release|Gaming.Xbox.Scarlett.x64
		{C57C9F9F-8EAE-4265-A210-B0CAA717A3A0}.Debug|PS4 (Orbis).ActiveCfg = Debug|ORBIS
		{C57C9F9F-8EAE-4265-A210-B0CAA717A3A0}.Debug|PS4 (Orbis).Build.0 = Debug|ORBIS
		{C57C9F9F-8EAE-4265-A210-B0CAA717A3A0}.Debug|PS5 (Prospero).ActiveCfg = Debug|Prospero
		{C57C9F9F-8EAE-4265-A210-B0CAA717A3A0}.Debug|PS5 (Prospero).Build.0 = Debug|Prospero
		{C57C9F9F-8EAE-4265-A210-B0CAA717A3A0}.Debug|Switch (NX64).ActiveCfg = Debug|NX64
		{C57C9F9F-8EAE-4265-A210-B0CAA717A3A0}.Debug|Switch (NX64).Build.0 = Debug|NX64
		{C57C9F9F-8EAE-4265-A210-B0CAA717A3A0}.Debug|Win32.ActiveCfg = Debug|Win32
		{C57C9F9F-8EAE-4265-A210-B0CAA717A3A0}.Debug|Win32.Build.0 = Debug|Win32
		{C57C9F9F-8EAE-4265-A210-B0CAA717A3A0}.Debug|Win64 (ARM64).ActiveCfg = Debug|ARM64
		{C57C9F9F-8EAE-4265-A210-B0CAA717A3A0}.Debug|Win64 (ARM64).Build.0 = Debug|ARM64
		{C57C9F9F-8EAE-4265-A210-B0CAA717A3A0}.Debug|Win64 (x64).ActiveCfg = Debug|x64
		{C57C9F9F-8EAE-4265-A210-B0CAA717A3A0}.Debug|Win64 (x64).Build.0 = Debug|x64
		{C57C9F9F-8EAE-4265-A210-B0CAA717A3A0}.Debug|XB1 (Durango).ActiveCfg = Debug|Gaming.Xbox.XboxOne.x64
		{C57C9F9F-8EAE-4265-A210-B0CAA717A3A0}.Debug|XB1 (Durango).Build.0 = Debug|Gaming.Xbox.XboxOne.x64
		{C57C9F9F-8EAE-4265-A210-B0CAA717A3A0}.Debug|XB1 (Durango).Deploy.0 = Debug|Gaming.Xbox.XboxOne.x64
		{C57C9F9F-8EAE-4265-A210-B0CAA717A3A0}.Debug|XSX (Scarlett).ActiveCfg = Debug|Gaming.Xbox.Scarlett.x64
		{C57C9F9F-8EAE-4265-A210-B0CAA717A3A0}.Debug|XSX (Scarlett).Build.0 = Debug|Gaming.Xbox.Scarlett.x64
		{C57C9F9F-8EAE-4265-A210-B0CAA717A3A0}.Debug|XSX (Scarlett).Deploy.0 = Debug|Gaming.Xbox.Scarlett.x64
		{C57C9F9F-8EAE-4265-A210-B0CAA717A3A0}.Release|PS4 (Orbis).ActiveCfg = Release|ORBIS
		{C57C9F9F-8EAE-4265-A210-B0CAA717A3A0}.Release|PS4 (Orbis).Build.0 = Release|ORBIS
		{C57C9F9F-8EAE-4265-A210-B0CAA717A3A0}.Release|PS5 (Prospero).ActiveCfg = Release|Prospero
		{C57C9F9F-8EAE-4265-A210-B0CAA717A3A0}.Release|PS5 (Prospero).Build.0 = Release|Prospero
		{C57C9F9F-8EAE-4265-A210-B0CAA717A3A0}.Release|Switch (NX64).ActiveCfg = Release|NX64
		{C57C9F9F-8EAE-4265-A210-B0CAA717A3A0}.Release|Switch (NX64).Build.0 = Release|NX64
		{C57C9F9F-8EAE-4265-A210-B0CAA717A3A0}.Release|Win32.ActiveCfg = Release|Win32
		{C57C9F9F-8EAE-4265-A210-B0CAA717A3A0}.Release|Win32.Build.0 = Release|Win32
		{C57C9F9F-8EAE-4265-A210-B0CAA717A3A0}.Release|Win64 (ARM64).ActiveCfg = Release|ARM64
		{C57C9F9F-8EAE-4265-A210-B0CAA717A3A0}.Release|Win64 (ARM64).Build.0 = Release|ARM64
		{C57C9F9F-8EAE-4265-A210-B0CAA717A3A0}.Release|Win64 (x64).ActiveCfg = Release|x64
		{C57C9F9F-8EAE-4265-A210-B0CAA717A3A0}.Release|Win64 (x64).Build.0 = Release|x64
		{C57C9F9F-8EAE-4265-A210-B0CAA717A3A0}.Release|XB1 (Durango).ActiveCfg = Release|Gaming.Xbox.XboxOne.x64
		{C57C9F9F-8EAE-4265-A210-B0CAA717A3A0}.Release|XB1 (Durango).Build.0 = Release|Gaming.Xbox.XboxOne.x64
		{C57C9F9F-8EAE-4265-A210-B0CAA717A3A0}.Release|XB1 (Durango).Deploy.0 = Release|Gaming.Xbox.XboxOne.x64
		{C57C9F9F-8EAE-4265-A210-B0CAA717A3A0}.Release|XSX (Scarlett).ActiveCfg = Release|Gaming.Xbox.Scarlett.x64
		{C57C9F9F-8EAE-4265-A210-B0CAA717A3A0}.Release|XSX (Scarlett).Build.0 = Release|Gaming.Xbox.Scarlett.x64
		{C57C9F9F-8EAE-4265-A210-B0CAA717A3A0}.Release|XSX (Scarlett).Deploy.0 = Release|Gaming.Xbox.Scarlett.x64
	EndGlobalSection
	GlobalSection(SolutionProperties) = preSolution
		HideSolutionNode = FALSE
	EndGlobalSection
	GlobalSection(NestedProjects) = preSolution
		{9E62F2FE-3408-4EAE-8238-FD84238CEEDA} = {1AFD580B-98B8-4689-B661-38C41132C60E}
		{8F59A635-0240-4D7F-A80D-050C3F1670C2} = {E4DFEBF9-C310-462F-9876-7EB59C1E4D4E}
		{962D4E25-45D3-4ACE-8C02-69FA3713ABD4} = {E4DFEBF9-C310-462F-9876-7EB59C1E4D4E}
		{1782F849-B6E1-466D-9F02-A751F3F8712C} = {E4DFEBF9-C310-462F-9876-7EB59C1E4D4E}
		{5A27FF18-A1EC-49BE-9455-415F1C701153} = {E4DFEBF9-C310-462F-9876-7EB59C1E4D4E}
		{D7F6C2CA-5A13-4FD0-8468-1833923E3EE3} = {E4DFEBF9-C310-462F-9876-7EB59C1E4D4E}
		{C57C9F9F-8EAE-4265-A210-B0CAA717A3A0} = {4FD6944D-7D73-400F-B040-437021707A83}
	EndGlobalSection
	GlobalSection(ExtensibilityGlobals) = postSolution
		SolutionGuid = {47D50023-EEA2-48DA-8902-F96357602A79}
	EndGlobalSection
EndGlobal
