
Microsoft Visual Studio Solution File, Format Version 11.00
# Visual Studio 2010
Project("{FAE04EC0-301F-11D3-BF4B-00C04F79EFBC}") = "VsLol", "VsLol.csproj", "{58922993-9830-4A40-B462-0326342F69ED}"
EndProject
Global
	GlobalSection(SolutionConfigurationPlatforms) = preSolution
		Debug|Any CPU = Debug|Any CPU
		Release|Any CPU = Release|Any CPU
	EndGlobalSection
	GlobalSection(ProjectConfigurationPlatforms) = postSolution
		{58922993-9830-4A40-B462-0326342F69ED}.Debug|Any CPU.ActiveCfg = Debug|Any CPU
		{58922993-9830-4A40-B462-0326342F69ED}.Debug|Any CPU.Build.0 = Debug|Any CPU
		{58922993-9830-4A40-B462-0326342F69ED}.Release|Any CPU.ActiveCfg = Release|Any CPU
		{58922993-9830-4A40-B462-0326342F69ED}.Release|Any CPU.Build.0 = Release|Any CPU
	EndGlobalSection
	GlobalSection(SolutionProperties) = preSolution
		HideSolutionNode = FALSE
	EndGlobalSection
EndGlobal
