
Microsoft Visual Studio Solution File, Format Version 11.00
# Visual Studio 2010
Project("{8BC9CEB8-8B4A-11D0-8D11-00A0C91BC942}") = "deushax", "deushax.vcxproj", "{EF1A4E80-63FA-4EB0-B834-12B6C500F31C}"
	ProjectSection(ProjectDependencies) = postProject
		{9E62F2FE-3408-4EAE-8238-FD84238CEEDA} = {9E62F2FE-3408-4EAE-8238-FD84238CEEDA}
	EndProjectSection
EndProject
Project("{8BC9CEB8-8B4A-11D0-8D11-00A0C91BC942}") = "monsterz", "monsterz.vcxproj", "{17F0F184-4436-4D08-B8AA-16572EA238DB}"
	ProjectSection(ProjectDependencies) = postProject
		{9E62F2FE-3408-4EAE-8238-FD84238CEEDA} = {9E62F2FE-3408-4EAE-8238-FD84238CEEDA}
	EndProjectSection
EndProject
Project("{8BC9CEB8-8B4A-11D0-8D11-00A0C91BC942}") = "editor", "editor.vcxproj", "{9C66B179-0737-4BDA-AB42-2ADE478A9008}"
	ProjectSection(ProjectDependencies) = postProject
		{9E62F2FE-3408-4EAE-8238-FD84238CEEDA} = {9E62F2FE-3408-4EAE-8238-FD84238CEEDA}
	EndProjectSection
EndProject
Project("{2150E333-8FDC-42A3-9474-1A3956D46DE8}") = "Deus Hax", "Deus Hax", "{08C6A854-533D-4A1E-924E-C4A62281869F}"
EndProject
Project("{2150E333-8FDC-42A3-9474-1A3956D46DE8}") = "Monsterz", "Monsterz", "{2F87CEAB-4818-443C-A5E3-6C34E7D967EC}"
EndProject
Project("{8BC9CEB8-8B4A-11D0-8D11-00A0C91BC942}") = "lolcore", "lolcore.vcxproj", "{9E62F2FE-3408-4EAE-8238-FD84238CEEDA}"
EndProject
Project("{2150E333-8FDC-42A3-9474-1A3956D46DE8}") = "Test", "Test", "{E0491194-35E3-4513-9D31-608EA3165ECF}"
EndProject
Project("{8BC9CEB8-8B4A-11D0-8D11-00A0C91BC942}") = "quad", "quad.vcxproj", "{53D9D96F-55C0-4044-BDB1-4A5E8EDBDF0E}"
	ProjectSection(ProjectDependencies) = postProject
		{9E62F2FE-3408-4EAE-8238-FD84238CEEDA} = {9E62F2FE-3408-4EAE-8238-FD84238CEEDA}
	EndProjectSection
EndProject
Project("{8BC9CEB8-8B4A-11D0-8D11-00A0C91BC942}") = "benchsuite", "benchsuite.vcxproj", "{B1E10086-A1DA-401A-834D-969C9DBB5CC1}"
	ProjectSection(ProjectDependencies) = postProject
		{9E62F2FE-3408-4EAE-8238-FD84238CEEDA} = {9E62F2FE-3408-4EAE-8238-FD84238CEEDA}
	EndProjectSection
EndProject
Project("{8BC9CEB8-8B4A-11D0-8D11-00A0C91BC942}") = "testsuite", "testsuite.vcxproj", "{80F81C11-8DA2-4990-91CB-9807783BA46E}"
	ProjectSection(ProjectDependencies) = postProject
		{9E62F2FE-3408-4EAE-8238-FD84238CEEDA} = {9E62F2FE-3408-4EAE-8238-FD84238CEEDA}
	EndProjectSection
EndProject
Project("{2150E333-8FDC-42A3-9474-1A3956D46DE8}") = "Tutorial", "Tutorial", "{E74CF679-CA2A-47E9-B1F4-3779D6AC6B04}"
EndProject
Project("{8BC9CEB8-8B4A-11D0-8D11-00A0C91BC942}") = "tut01", "tut01.vcxproj", "{B92ABADC-45BE-4CC5-B724-9426053123A1}"
	ProjectSection(ProjectDependencies) = postProject
		{9E62F2FE-3408-4EAE-8238-FD84238CEEDA} = {9E62F2FE-3408-4EAE-8238-FD84238CEEDA}
	EndProjectSection
EndProject
Project("{8BC9CEB8-8B4A-11D0-8D11-00A0C91BC942}") = "tut02", "tut02.vcxproj", "{7B083DA2-FE08-4F6D-BFDD-195D5C2783EB}"
	ProjectSection(ProjectDependencies) = postProject
		{9E62F2FE-3408-4EAE-8238-FD84238CEEDA} = {9E62F2FE-3408-4EAE-8238-FD84238CEEDA}
	EndProjectSection
EndProject
Project("{8BC9CEB8-8B4A-11D0-8D11-00A0C91BC942}") = "tut03", "tut03.vcxproj", "{6BF81B39-EDC2-4227-9992-C2D8ABEA95AF}"
	ProjectSection(ProjectDependencies) = postProject
		{9E62F2FE-3408-4EAE-8238-FD84238CEEDA} = {9E62F2FE-3408-4EAE-8238-FD84238CEEDA}
	EndProjectSection
EndProject
Project("{2150E333-8FDC-42A3-9474-1A3956D46DE8}") = "MrPigeon", "MrPigeon", "{33704AA4-F2B5-4138-A40D-E3E77F89ED46}"
EndProject
Project("{8BC9CEB8-8B4A-11D0-8D11-00A0C91BC942}") = "mrpigeon", "mrpigeon.vcxproj", "{32F3F8CF-D22E-45E4-BEB8-AD909E8C5515}"
	ProjectSection(ProjectDependencies) = postProject
		{9E62F2FE-3408-4EAE-8238-FD84238CEEDA} = {9E62F2FE-3408-4EAE-8238-FD84238CEEDA}
	EndProjectSection
EndProject
Project("{2150E333-8FDC-42A3-9474-1A3956D46DE8}") = "Games", "Games", "{1DFE1729-4F1B-47CA-9819-72431FE14E25}"
EndProject
Project("{2150E333-8FDC-42A3-9474-1A3956D46DE8}") = "Orbital", "Orbital", "{8C77EAA8-1077-4EF7-AE53-97C6C60A3601}"
EndProject
Project("{8BC9CEB8-8B4A-11D0-8D11-00A0C91BC942}") = "orbital", "orbital.vcxproj", "{EE203B88-44CF-4859-9D42-7A5F40FECB52}"
EndProject
Global
	GlobalSection(SolutionConfigurationPlatforms) = preSolution
		Debug|Win32 = Debug|Win32
		Debug|x64 = Debug|x64
		Debug|Xbox 360 = Debug|Xbox 360
		Release|Win32 = Release|Win32
		Release|x64 = Release|x64
		Release|Xbox 360 = Release|Xbox 360
	EndGlobalSection
	GlobalSection(ProjectConfigurationPlatforms) = postSolution
		{EF1A4E80-63FA-4EB0-B834-12B6C500F31C}.Debug|Win32.ActiveCfg = Debug|Win32
		{EF1A4E80-63FA-4EB0-B834-12B6C500F31C}.Debug|Win32.Build.0 = Debug|Win32
		{EF1A4E80-63FA-4EB0-B834-12B6C500F31C}.Debug|x64.ActiveCfg = Debug|x64
		{EF1A4E80-63FA-4EB0-B834-12B6C500F31C}.Debug|x64.Build.0 = Debug|x64
		{EF1A4E80-63FA-4EB0-B834-12B6C500F31C}.Debug|Xbox 360.ActiveCfg = Debug|Xbox 360
		{EF1A4E80-63FA-4EB0-B834-12B6C500F31C}.Debug|Xbox 360.Build.0 = Debug|Xbox 360
		{EF1A4E80-63FA-4EB0-B834-12B6C500F31C}.Debug|Xbox 360.Deploy.0 = Debug|Xbox 360
		{EF1A4E80-63FA-4EB0-B834-12B6C500F31C}.Release|Win32.ActiveCfg = Release|Win32
		{EF1A4E80-63FA-4EB0-B834-12B6C500F31C}.Release|Win32.Build.0 = Release|Win32
		{EF1A4E80-63FA-4EB0-B834-12B6C500F31C}.Release|x64.ActiveCfg = Release|x64
		{EF1A4E80-63FA-4EB0-B834-12B6C500F31C}.Release|x64.Build.0 = Release|x64
		{EF1A4E80-63FA-4EB0-B834-12B6C500F31C}.Release|Xbox 360.ActiveCfg = Release|Xbox 360
		{EF1A4E80-63FA-4EB0-B834-12B6C500F31C}.Release|Xbox 360.Build.0 = Release|Xbox 360
		{EF1A4E80-63FA-4EB0-B834-12B6C500F31C}.Release|Xbox 360.Deploy.0 = Release|Xbox 360
		{17F0F184-4436-4D08-B8AA-16572EA238DB}.Debug|Win32.ActiveCfg = Debug|Win32
		{17F0F184-4436-4D08-B8AA-16572EA238DB}.Debug|Win32.Build.0 = Debug|Win32
		{17F0F184-4436-4D08-B8AA-16572EA238DB}.Debug|x64.ActiveCfg = Debug|x64
		{17F0F184-4436-4D08-B8AA-16572EA238DB}.Debug|x64.Build.0 = Debug|x64
		{17F0F184-4436-4D08-B8AA-16572EA238DB}.Debug|Xbox 360.ActiveCfg = Debug|Xbox 360
		{17F0F184-4436-4D08-B8AA-16572EA238DB}.Debug|Xbox 360.Build.0 = Debug|Xbox 360
		{17F0F184-4436-4D08-B8AA-16572EA238DB}.Debug|Xbox 360.Deploy.0 = Debug|Xbox 360
		{17F0F184-4436-4D08-B8AA-16572EA238DB}.Release|Win32.ActiveCfg = Release|Win32
		{17F0F184-4436-4D08-B8AA-16572EA238DB}.Release|Win32.Build.0 = Release|Win32
		{17F0F184-4436-4D08-B8AA-16572EA238DB}.Release|x64.ActiveCfg = Release|x64
		{17F0F184-4436-4D08-B8AA-16572EA238DB}.Release|x64.Build.0 = Release|x64
		{17F0F184-4436-4D08-B8AA-16572EA238DB}.Release|Xbox 360.ActiveCfg = Release|Xbox 360
		{17F0F184-4436-4D08-B8AA-16572EA238DB}.Release|Xbox 360.Build.0 = Release|Xbox 360
		{17F0F184-4436-4D08-B8AA-16572EA238DB}.Release|Xbox 360.Deploy.0 = Release|Xbox 360
		{9C66B179-0737-4BDA-AB42-2ADE478A9008}.Debug|Win32.ActiveCfg = Debug|Win32
		{9C66B179-0737-4BDA-AB42-2ADE478A9008}.Debug|Win32.Build.0 = Debug|Win32
		{9C66B179-0737-4BDA-AB42-2ADE478A9008}.Debug|x64.ActiveCfg = Debug|x64
		{9C66B179-0737-4BDA-AB42-2ADE478A9008}.Debug|x64.Build.0 = Debug|x64
		{9C66B179-0737-4BDA-AB42-2ADE478A9008}.Debug|Xbox 360.ActiveCfg = Debug|Xbox 360
		{9C66B179-0737-4BDA-AB42-2ADE478A9008}.Debug|Xbox 360.Build.0 = Debug|Xbox 360
		{9C66B179-0737-4BDA-AB42-2ADE478A9008}.Debug|Xbox 360.Deploy.0 = Debug|Xbox 360
		{9C66B179-0737-4BDA-AB42-2ADE478A9008}.Release|Win32.ActiveCfg = Release|Win32
		{9C66B179-0737-4BDA-AB42-2ADE478A9008}.Release|Win32.Build.0 = Release|Win32
		{9C66B179-0737-4BDA-AB42-2ADE478A9008}.Release|x64.ActiveCfg = Release|x64
		{9C66B179-0737-4BDA-AB42-2ADE478A9008}.Release|x64.Build.0 = Release|x64
		{9C66B179-0737-4BDA-AB42-2ADE478A9008}.Release|Xbox 360.ActiveCfg = Release|Xbox 360
		{9C66B179-0737-4BDA-AB42-2ADE478A9008}.Release|Xbox 360.Build.0 = Release|Xbox 360
		{9C66B179-0737-4BDA-AB42-2ADE478A9008}.Release|Xbox 360.Deploy.0 = Release|Xbox 360
		{9E62F2FE-3408-4EAE-8238-FD84238CEEDA}.Debug|Win32.ActiveCfg = Debug|Win32
		{9E62F2FE-3408-4EAE-8238-FD84238CEEDA}.Debug|Win32.Build.0 = Debug|Win32
		{9E62F2FE-3408-4EAE-8238-FD84238CEEDA}.Debug|x64.ActiveCfg = Debug|x64
		{9E62F2FE-3408-4EAE-8238-FD84238CEEDA}.Debug|x64.Build.0 = Debug|x64
		{9E62F2FE-3408-4EAE-8238-FD84238CEEDA}.Debug|Xbox 360.ActiveCfg = Debug|Xbox 360
		{9E62F2FE-3408-4EAE-8238-FD84238CEEDA}.Debug|Xbox 360.Build.0 = Debug|Xbox 360
		{9E62F2FE-3408-4EAE-8238-FD84238CEEDA}.Debug|Xbox 360.Deploy.0 = Debug|Xbox 360
		{9E62F2FE-3408-4EAE-8238-FD84238CEEDA}.Release|Win32.ActiveCfg = Release|Win32
		{9E62F2FE-3408-4EAE-8238-FD84238CEEDA}.Release|Win32.Build.0 = Release|Win32
		{9E62F2FE-3408-4EAE-8238-FD84238CEEDA}.Release|x64.ActiveCfg = Release|x64
		{9E62F2FE-3408-4EAE-8238-FD84238CEEDA}.Release|x64.Build.0 = Release|x64
		{9E62F2FE-3408-4EAE-8238-FD84238CEEDA}.Release|Xbox 360.ActiveCfg = Release|Xbox 360
		{9E62F2FE-3408-4EAE-8238-FD84238CEEDA}.Release|Xbox 360.Build.0 = Release|Xbox 360
		{9E62F2FE-3408-4EAE-8238-FD84238CEEDA}.Release|Xbox 360.Deploy.0 = Release|Xbox 360
		{53D9D96F-55C0-4044-BDB1-4A5E8EDBDF0E}.Debug|Win32.ActiveCfg = Debug|Win32
		{53D9D96F-55C0-4044-BDB1-4A5E8EDBDF0E}.Debug|Win32.Build.0 = Debug|Win32
		{53D9D96F-55C0-4044-BDB1-4A5E8EDBDF0E}.Debug|x64.ActiveCfg = Debug|x64
		{53D9D96F-55C0-4044-BDB1-4A5E8EDBDF0E}.Debug|x64.Build.0 = Debug|x64
		{53D9D96F-55C0-4044-BDB1-4A5E8EDBDF0E}.Debug|Xbox 360.ActiveCfg = Debug|Xbox 360
		{53D9D96F-55C0-4044-BDB1-4A5E8EDBDF0E}.Debug|Xbox 360.Build.0 = Debug|Xbox 360
		{53D9D96F-55C0-4044-BDB1-4A5E8EDBDF0E}.Debug|Xbox 360.Deploy.0 = Debug|Xbox 360
		{53D9D96F-55C0-4044-BDB1-4A5E8EDBDF0E}.Release|Win32.ActiveCfg = Release|Win32
		{53D9D96F-55C0-4044-BDB1-4A5E8EDBDF0E}.Release|Win32.Build.0 = Release|Win32
		{53D9D96F-55C0-4044-BDB1-4A5E8EDBDF0E}.Release|x64.ActiveCfg = Release|x64
		{53D9D96F-55C0-4044-BDB1-4A5E8EDBDF0E}.Release|x64.Build.0 = Release|x64
		{53D9D96F-55C0-4044-BDB1-4A5E8EDBDF0E}.Release|Xbox 360.ActiveCfg = Release|Xbox 360
		{53D9D96F-55C0-4044-BDB1-4A5E8EDBDF0E}.Release|Xbox 360.Build.0 = Release|Xbox 360
		{53D9D96F-55C0-4044-BDB1-4A5E8EDBDF0E}.Release|Xbox 360.Deploy.0 = Release|Xbox 360
		{B1E10086-A1DA-401A-834D-969C9DBB5CC1}.Debug|Win32.ActiveCfg = Debug|Win32
		{B1E10086-A1DA-401A-834D-969C9DBB5CC1}.Debug|Win32.Build.0 = Debug|Win32
		{B1E10086-A1DA-401A-834D-969C9DBB5CC1}.Debug|x64.ActiveCfg = Debug|x64
		{B1E10086-A1DA-401A-834D-969C9DBB5CC1}.Debug|x64.Build.0 = Debug|x64
		{B1E10086-A1DA-401A-834D-969C9DBB5CC1}.Debug|Xbox 360.ActiveCfg = Debug|Xbox 360
		{B1E10086-A1DA-401A-834D-969C9DBB5CC1}.Debug|Xbox 360.Build.0 = Debug|Xbox 360
		{B1E10086-A1DA-401A-834D-969C9DBB5CC1}.Debug|Xbox 360.Deploy.0 = Debug|Xbox 360
		{B1E10086-A1DA-401A-834D-969C9DBB5CC1}.Release|Win32.ActiveCfg = Release|Win32
		{B1E10086-A1DA-401A-834D-969C9DBB5CC1}.Release|Win32.Build.0 = Release|Win32
		{B1E10086-A1DA-401A-834D-969C9DBB5CC1}.Release|x64.ActiveCfg = Release|x64
		{B1E10086-A1DA-401A-834D-969C9DBB5CC1}.Release|x64.Build.0 = Release|x64
		{B1E10086-A1DA-401A-834D-969C9DBB5CC1}.Release|Xbox 360.ActiveCfg = Release|Xbox 360
		{B1E10086-A1DA-401A-834D-969C9DBB5CC1}.Release|Xbox 360.Build.0 = Release|Xbox 360
		{B1E10086-A1DA-401A-834D-969C9DBB5CC1}.Release|Xbox 360.Deploy.0 = Release|Xbox 360
		{80F81C11-8DA2-4990-91CB-9807783BA46E}.Debug|Win32.ActiveCfg = Debug|Win32
		{80F81C11-8DA2-4990-91CB-9807783BA46E}.Debug|Win32.Build.0 = Debug|Win32
		{80F81C11-8DA2-4990-91CB-9807783BA46E}.Debug|x64.ActiveCfg = Debug|x64
		{80F81C11-8DA2-4990-91CB-9807783BA46E}.Debug|x64.Build.0 = Debug|x64
		{80F81C11-8DA2-4990-91CB-9807783BA46E}.Debug|Xbox 360.ActiveCfg = Debug|Xbox 360
		{80F81C11-8DA2-4990-91CB-9807783BA46E}.Debug|Xbox 360.Build.0 = Debug|Xbox 360
		{80F81C11-8DA2-4990-91CB-9807783BA46E}.Debug|Xbox 360.Deploy.0 = Debug|Xbox 360
		{80F81C11-8DA2-4990-91CB-9807783BA46E}.Release|Win32.ActiveCfg = Release|Win32
		{80F81C11-8DA2-4990-91CB-9807783BA46E}.Release|Win32.Build.0 = Release|Win32
		{80F81C11-8DA2-4990-91CB-9807783BA46E}.Release|x64.ActiveCfg = Release|x64
		{80F81C11-8DA2-4990-91CB-9807783BA46E}.Release|x64.Build.0 = Release|x64
		{80F81C11-8DA2-4990-91CB-9807783BA46E}.Release|Xbox 360.ActiveCfg = Release|Xbox 360
		{80F81C11-8DA2-4990-91CB-9807783BA46E}.Release|Xbox 360.Build.0 = Release|Xbox 360
		{80F81C11-8DA2-4990-91CB-9807783BA46E}.Release|Xbox 360.Deploy.0 = Release|Xbox 360
		{B92ABADC-45BE-4CC5-B724-9426053123A1}.Debug|Win32.ActiveCfg = Debug|Win32
		{B92ABADC-45BE-4CC5-B724-9426053123A1}.Debug|Win32.Build.0 = Debug|Win32
		{B92ABADC-45BE-4CC5-B724-9426053123A1}.Debug|x64.ActiveCfg = Debug|x64
		{B92ABADC-45BE-4CC5-B724-9426053123A1}.Debug|x64.Build.0 = Debug|x64
		{B92ABADC-45BE-4CC5-B724-9426053123A1}.Debug|Xbox 360.ActiveCfg = Debug|Xbox 360
		{B92ABADC-45BE-4CC5-B724-9426053123A1}.Debug|Xbox 360.Build.0 = Debug|Xbox 360
		{B92ABADC-45BE-4CC5-B724-9426053123A1}.Debug|Xbox 360.Deploy.0 = Debug|Xbox 360
		{B92ABADC-45BE-4CC5-B724-9426053123A1}.Release|Win32.ActiveCfg = Release|Win32
		{B92ABADC-45BE-4CC5-B724-9426053123A1}.Release|Win32.Build.0 = Release|Win32
		{B92ABADC-45BE-4CC5-B724-9426053123A1}.Release|x64.ActiveCfg = Release|x64
		{B92ABADC-45BE-4CC5-B724-9426053123A1}.Release|x64.Build.0 = Release|x64
		{B92ABADC-45BE-4CC5-B724-9426053123A1}.Release|Xbox 360.ActiveCfg = Release|Xbox 360
		{B92ABADC-45BE-4CC5-B724-9426053123A1}.Release|Xbox 360.Build.0 = Release|Xbox 360
		{B92ABADC-45BE-4CC5-B724-9426053123A1}.Release|Xbox 360.Deploy.0 = Release|Xbox 360
		{7B083DA2-FE08-4F6D-BFDD-195D5C2783EB}.Debug|Win32.ActiveCfg = Debug|Win32
		{7B083DA2-FE08-4F6D-BFDD-195D5C2783EB}.Debug|Win32.Build.0 = Debug|Win32
		{7B083DA2-FE08-4F6D-BFDD-195D5C2783EB}.Debug|x64.ActiveCfg = Debug|x64
		{7B083DA2-FE08-4F6D-BFDD-195D5C2783EB}.Debug|x64.Build.0 = Debug|x64
		{7B083DA2-FE08-4F6D-BFDD-195D5C2783EB}.Debug|Xbox 360.ActiveCfg = Debug|Xbox 360
		{7B083DA2-FE08-4F6D-BFDD-195D5C2783EB}.Debug|Xbox 360.Build.0 = Debug|Xbox 360
		{7B083DA2-FE08-4F6D-BFDD-195D5C2783EB}.Debug|Xbox 360.Deploy.0 = Debug|Xbox 360
		{7B083DA2-FE08-4F6D-BFDD-195D5C2783EB}.Release|Win32.ActiveCfg = Release|Win32
		{7B083DA2-FE08-4F6D-BFDD-195D5C2783EB}.Release|Win32.Build.0 = Release|Win32
		{7B083DA2-FE08-4F6D-BFDD-195D5C2783EB}.Release|x64.ActiveCfg = Release|x64
		{7B083DA2-FE08-4F6D-BFDD-195D5C2783EB}.Release|x64.Build.0 = Release|x64
		{7B083DA2-FE08-4F6D-BFDD-195D5C2783EB}.Release|Xbox 360.ActiveCfg = Release|Xbox 360
		{7B083DA2-FE08-4F6D-BFDD-195D5C2783EB}.Release|Xbox 360.Build.0 = Release|Xbox 360
		{7B083DA2-FE08-4F6D-BFDD-195D5C2783EB}.Release|Xbox 360.Deploy.0 = Release|Xbox 360
		{6BF81B39-EDC2-4227-9992-C2D8ABEA95AF}.Debug|Win32.ActiveCfg = Debug|Win32
		{6BF81B39-EDC2-4227-9992-C2D8ABEA95AF}.Debug|Win32.Build.0 = Debug|Win32
		{6BF81B39-EDC2-4227-9992-C2D8ABEA95AF}.Debug|x64.ActiveCfg = Debug|x64
		{6BF81B39-EDC2-4227-9992-C2D8ABEA95AF}.Debug|x64.Build.0 = Debug|x64
		{6BF81B39-EDC2-4227-9992-C2D8ABEA95AF}.Debug|Xbox 360.ActiveCfg = Debug|Xbox 360
		{6BF81B39-EDC2-4227-9992-C2D8ABEA95AF}.Debug|Xbox 360.Build.0 = Debug|Xbox 360
		{6BF81B39-EDC2-4227-9992-C2D8ABEA95AF}.Debug|Xbox 360.Deploy.0 = Debug|Xbox 360
		{6BF81B39-EDC2-4227-9992-C2D8ABEA95AF}.Release|Win32.ActiveCfg = Release|Win32
		{6BF81B39-EDC2-4227-9992-C2D8ABEA95AF}.Release|Win32.Build.0 = Release|Win32
		{6BF81B39-EDC2-4227-9992-C2D8ABEA95AF}.Release|x64.ActiveCfg = Release|x64
		{6BF81B39-EDC2-4227-9992-C2D8ABEA95AF}.Release|x64.Build.0 = Release|x64
		{6BF81B39-EDC2-4227-9992-C2D8ABEA95AF}.Release|Xbox 360.ActiveCfg = Release|Xbox 360
		{6BF81B39-EDC2-4227-9992-C2D8ABEA95AF}.Release|Xbox 360.Build.0 = Release|Xbox 360
		{6BF81B39-EDC2-4227-9992-C2D8ABEA95AF}.Release|Xbox 360.Deploy.0 = Release|Xbox 360
		{32F3F8CF-D22E-45E4-BEB8-AD909E8C5515}.Debug|Win32.ActiveCfg = Debug|Win32
		{32F3F8CF-D22E-45E4-BEB8-AD909E8C5515}.Debug|Win32.Build.0 = Debug|Win32
		{32F3F8CF-D22E-45E4-BEB8-AD909E8C5515}.Debug|x64.ActiveCfg = Debug|x64
		{32F3F8CF-D22E-45E4-BEB8-AD909E8C5515}.Debug|x64.Build.0 = Debug|x64
		{32F3F8CF-D22E-45E4-BEB8-AD909E8C5515}.Debug|Xbox 360.ActiveCfg = Debug|Xbox 360
		{32F3F8CF-D22E-45E4-BEB8-AD909E8C5515}.Debug|Xbox 360.Build.0 = Debug|Xbox 360
		{32F3F8CF-D22E-45E4-BEB8-AD909E8C5515}.Debug|Xbox 360.Deploy.0 = Debug|Xbox 360
		{32F3F8CF-D22E-45E4-BEB8-AD909E8C5515}.Release|Win32.ActiveCfg = Release|Win32
		{32F3F8CF-D22E-45E4-BEB8-AD909E8C5515}.Release|Win32.Build.0 = Release|Win32
		{32F3F8CF-D22E-45E4-BEB8-AD909E8C5515}.Release|x64.ActiveCfg = Release|x64
		{32F3F8CF-D22E-45E4-BEB8-AD909E8C5515}.Release|x64.Build.0 = Release|x64
		{32F3F8CF-D22E-45E4-BEB8-AD909E8C5515}.Release|Xbox 360.ActiveCfg = Release|Xbox 360
		{32F3F8CF-D22E-45E4-BEB8-AD909E8C5515}.Release|Xbox 360.Build.0 = Release|Xbox 360
		{32F3F8CF-D22E-45E4-BEB8-AD909E8C5515}.Release|Xbox 360.Deploy.0 = Release|Xbox 360
		{EE203B88-44CF-4859-9D42-7A5F40FECB52}.Debug|Win32.ActiveCfg = Debug|Win32
		{EE203B88-44CF-4859-9D42-7A5F40FECB52}.Debug|Win32.Build.0 = Debug|Win32
		{EE203B88-44CF-4859-9D42-7A5F40FECB52}.Debug|x64.ActiveCfg = Debug|x64
		{EE203B88-44CF-4859-9D42-7A5F40FECB52}.Debug|x64.Build.0 = Debug|x64
		{EE203B88-44CF-4859-9D42-7A5F40FECB52}.Debug|Xbox 360.ActiveCfg = Debug|Xbox 360
		{EE203B88-44CF-4859-9D42-7A5F40FECB52}.Debug|Xbox 360.Build.0 = Debug|Xbox 360
		{EE203B88-44CF-4859-9D42-7A5F40FECB52}.Debug|Xbox 360.Deploy.0 = Debug|Xbox 360
		{EE203B88-44CF-4859-9D42-7A5F40FECB52}.Release|Win32.ActiveCfg = Release|Win32
		{EE203B88-44CF-4859-9D42-7A5F40FECB52}.Release|Win32.Build.0 = Release|Win32
		{EE203B88-44CF-4859-9D42-7A5F40FECB52}.Release|x64.ActiveCfg = Release|x64
		{EE203B88-44CF-4859-9D42-7A5F40FECB52}.Release|x64.Build.0 = Release|x64
		{EE203B88-44CF-4859-9D42-7A5F40FECB52}.Release|Xbox 360.ActiveCfg = Release|Xbox 360
		{EE203B88-44CF-4859-9D42-7A5F40FECB52}.Release|Xbox 360.Build.0 = Release|Xbox 360
		{EE203B88-44CF-4859-9D42-7A5F40FECB52}.Release|Xbox 360.Deploy.0 = Release|Xbox 360
	EndGlobalSection
	GlobalSection(SolutionProperties) = preSolution
		HideSolutionNode = FALSE
	EndGlobalSection
	GlobalSection(NestedProjects) = preSolution
		{2F87CEAB-4818-443C-A5E3-6C34E7D967EC} = {1DFE1729-4F1B-47CA-9819-72431FE14E25}
		{08C6A854-533D-4A1E-924E-C4A62281869F} = {1DFE1729-4F1B-47CA-9819-72431FE14E25}
		{33704AA4-F2B5-4138-A40D-E3E77F89ED46} = {1DFE1729-4F1B-47CA-9819-72431FE14E25}
		{8C77EAA8-1077-4EF7-AE53-97C6C60A3601} = {1DFE1729-4F1B-47CA-9819-72431FE14E25}
		{17F0F184-4436-4D08-B8AA-16572EA238DB} = {2F87CEAB-4818-443C-A5E3-6C34E7D967EC}
		{9C66B179-0737-4BDA-AB42-2ADE478A9008} = {08C6A854-533D-4A1E-924E-C4A62281869F}
		{EF1A4E80-63FA-4EB0-B834-12B6C500F31C} = {08C6A854-533D-4A1E-924E-C4A62281869F}
		{53D9D96F-55C0-4044-BDB1-4A5E8EDBDF0E} = {E0491194-35E3-4513-9D31-608EA3165ECF}
		{B1E10086-A1DA-401A-834D-969C9DBB5CC1} = {E0491194-35E3-4513-9D31-608EA3165ECF}
		{80F81C11-8DA2-4990-91CB-9807783BA46E} = {E0491194-35E3-4513-9D31-608EA3165ECF}
		{B92ABADC-45BE-4CC5-B724-9426053123A1} = {E74CF679-CA2A-47E9-B1F4-3779D6AC6B04}
		{7B083DA2-FE08-4F6D-BFDD-195D5C2783EB} = {E74CF679-CA2A-47E9-B1F4-3779D6AC6B04}
		{6BF81B39-EDC2-4227-9992-C2D8ABEA95AF} = {E74CF679-CA2A-47E9-B1F4-3779D6AC6B04}
		{32F3F8CF-D22E-45E4-BEB8-AD909E8C5515} = {33704AA4-F2B5-4138-A40D-E3E77F89ED46}
		{EE203B88-44CF-4859-9D42-7A5F40FECB52} = {8C77EAA8-1077-4EF7-AE53-97C6C60A3601}
	EndGlobalSection
EndGlobal
