<?xml version="1.0" encoding="utf-8"?>
<Project ToolsVersion="4.0" xmlns="http://schemas.microsoft.com/developer/msbuild/2003">
  <ItemGroup>
    <ClInclude Include="..\monsterz\board.h" />
    <ClInclude Include="..\monsterz\interface.h" />
    <ClInclude Include="..\monsterz\piece.h" />
    <ClInclude Include="..\monsterz\thumbs.h" />
    <ClInclude Include="..\monsterz\title.h" />
    <ClInclude Include="..\monsterz\mash.h" />
    <ClInclude Include="..\monsterz\monsterz.h" />
    <ClInclude Include="..\monsterz\score.h" />
  </ItemGroup>
  <ItemGroup>
    <ClCompile Include="..\monsterz\board.cpp" />
    <ClCompile Include="..\monsterz\interface.cpp" />
    <ClCompile Include="..\monsterz\monsterz.cpp" />
    <ClCompile Include="..\monsterz\piece.cpp" />
    <ClCompile Include="..\monsterz\thumbs.cpp" />
    <ClCompile Include="..\monsterz\title.cpp" />
    <ClCompile Include="..\monsterz\mash.cpp" />
    <ClCompile Include="..\monsterz\score.cpp" />
  </ItemGroup>
</Project>