<?xml version="1.0" encoding="utf-8"?>
<Project ToolsVersion="4.0" xmlns="http://schemas.microsoft.com/developer/msbuild/2003">
  <ItemGroup>
    <ClCompile Include="net\http.cpp">
      <Filter>net</Filter>
    </ClCompile>
  </ItemGroup>
  <ItemGroup>
    <ClInclude Include="include\lol\engine\private\net\http.h">
      <Filter>lol\private\net</Filter>
    </ClInclude>
    <ClInclude Include="include\lol\engine\net">
      <Filter>lol</Filter>
    </ClInclude>
  </ItemGroup>
  <ItemGroup>
    <None Include="Makefile.am" />
  </ItemGroup>
  <ItemGroup>
    <Filter Include="...">
      <UniqueIdentifier>{3592ed6a-59d7-4a6d-be5a-c05cb5dab730}</UniqueIdentifier>
    </Filter>
    <Filter Include="lol">
      <UniqueIdentifier>{0edcf1a5-3c9c-4425-918c-aa2cbebc51c1}</UniqueIdentifier>
    </Filter>
    <Filter Include="net">
      <UniqueIdentifier>{0db6de04-6778-43ed-81c6-0ac49c0481f4}</UniqueIdentifier>
    </Filter>
    <Filter Include="lol\private">
      <UniqueIdentifier>{d6f32a69-7475-4270-9d5b-775cd2c43517}</UniqueIdentifier>
    </Filter>
    <Filter Include="lol\private\net">
      <UniqueIdentifier>{59f31039-b311-4ebf-a900-e0f7567eb636}</UniqueIdentifier>
    </Filter>
  </ItemGroup>
</Project>