<?xml version="1.0" encoding="utf-8"?>
<Project ToolsVersion="4.0" xmlns="http://schemas.microsoft.com/developer/msbuild/2003">
  <ItemGroup>
    <Filter Include="...">
      <UniqueIdentifier>{3592ed6a-59d7-4a6d-be5a-c05cb5dab730}</UniqueIdentifier>
    </Filter>
    <Filter Include="application">
      <UniqueIdentifier>{459e2b92-4e46-4f07-89f7-62b55c7a2797}</UniqueIdentifier>
    </Filter>
    <Filter Include="debug">
      <UniqueIdentifier>{e056731c-5484-434a-965e-801c199c0366}</UniqueIdentifier>
    </Filter>
    <Filter Include="easymesh">
      <UniqueIdentifier>{07117029-d79d-4d59-beec-691b00a97c8f}</UniqueIdentifier>
    </Filter>
    <Filter Include="generated">
      <UniqueIdentifier>{8d536fa6-9ef8-4bdb-b945-48fe4549e8ec}</UniqueIdentifier>
    </Filter>
    <Filter Include="gpu">
      <UniqueIdentifier>{ec9b94fc-c716-4ef2-9c3b-c7f3447574b0}</UniqueIdentifier>
    </Filter>
    <Filter Include="image">
      <UniqueIdentifier>{940329fb-d054-433a-ae30-b7f409790554}</UniqueIdentifier>
    </Filter>
    <Filter Include="image\codec">
      <UniqueIdentifier>{123803f1-1722-4421-8245-098667654cda}</UniqueIdentifier>
    </Filter>
    <Filter Include="input">
      <UniqueIdentifier>{94992c0e-ebc5-4185-b766-323b06547dcf}</UniqueIdentifier>
    </Filter>
    <Filter Include="lol">
      <UniqueIdentifier>{0edcf1a5-3c9c-4425-918c-aa2cbebc51c1}</UniqueIdentifier>
    </Filter>
    <Filter Include="lol\image">
      <UniqueIdentifier>{f25b3187-b24c-469a-b038-5a968eaa83f6}</UniqueIdentifier>
    </Filter>
    <Filter Include="lol\math">
      <UniqueIdentifier>{1e0b7a4c-425f-4d4f-945e-ba2ac9386ce0}</UniqueIdentifier>
    </Filter>
    <Filter Include="math">
      <UniqueIdentifier>{2caadbda-b9f1-446d-bbd2-55c959db342c}</UniqueIdentifier>
    </Filter>
    <Filter Include="mesh">
      <UniqueIdentifier>{1eaa8df5-7a31-4358-a1e9-0e265de6ed49}</UniqueIdentifier>
    </Filter>
    <Filter Include="lol\base">
      <UniqueIdentifier>{e17b998c-d494-480b-ae29-5d1564f73327}</UniqueIdentifier>
    </Filter>
    <Filter Include="base">
      <UniqueIdentifier>{606ea817-db84-40fe-be2e-8e5c864e39b2}</UniqueIdentifier>
    </Filter>
    <Filter Include="image\color">
      <UniqueIdentifier>{73e4bc38-19e4-41d2-82e9-ebf22fa65f77}</UniqueIdentifier>
    </Filter>
    <Filter Include="lol\sys">
      <UniqueIdentifier>{647eb922-e722-418a-91e9-9e2d53ff5a85}</UniqueIdentifier>
    </Filter>
    <Filter Include="lol\gpu">
      <UniqueIdentifier>{514846bc-650a-4423-b35a-6ccb9a1f0edd}</UniqueIdentifier>
    </Filter>
    <Filter Include="sys">
      <UniqueIdentifier>{1d945673-ee9a-48a7-9ee8-34338c5fefc1}</UniqueIdentifier>
    </Filter>
    <Filter Include="lol\debug">
      <UniqueIdentifier>{01285b11-c6c7-4a9e-8dee-daa2c63901e4}</UniqueIdentifier>
    </Filter>
    <Filter Include="mesh\platform">
      <UniqueIdentifier>{a11c55f8-8e10-4270-be24-38e8d4fcf589}</UniqueIdentifier>
    </Filter>
    <Filter Include="mesh\platform\sdl">
      <UniqueIdentifier>{4089421f-2cc2-4036-a6b2-9df8a2f4efc8}</UniqueIdentifier>
    </Filter>
    <Filter Include="mesh\platform\xbox">
      <UniqueIdentifier>{317cb5cc-5dcc-4e14-be90-40a125a2e2ec}</UniqueIdentifier>
    </Filter>
    <Filter Include="mesh\platform\d3d9">
      <UniqueIdentifier>{a914e15d-3201-467a-a9c9-d7c5244b13ee}</UniqueIdentifier>
    </Filter>
    <Filter Include="mesh\platform\ps3">
      <UniqueIdentifier>{c6c6b597-ed6c-4d82-a166-964beeeeb525}</UniqueIdentifier>
    </Filter>
  </ItemGroup>
  <ItemGroup>
    <ClCompile Include="image\image.cpp">
      <Filter>image</Filter>
    </ClCompile>
    <ClCompile Include="debug\fps.cpp">
      <Filter>debug</Filter>
    </ClCompile>
    <ClCompile Include="debug\record.cpp">
      <Filter>debug</Filter>
    </ClCompile>
    <ClCompile Include="debug\stats.cpp">
      <Filter>debug</Filter>
    </ClCompile>
    <ClCompile Include="platform\sdl\sdlapp.cpp">
      <Filter>mesh\platform\sdl</Filter>
    </ClCompile>
    <ClCompile Include="platform\sdl\sdlinput.cpp">
      <Filter>mesh\platform\sdl</Filter>
    </ClCompile>
    <ClCompile Include="math\half.cpp">
      <Filter>math</Filter>
    </ClCompile>
    <ClCompile Include="math\real.cpp">
      <Filter>math</Filter>
    </ClCompile>
    <ClCompile Include="math\trig.cpp">
      <Filter>math</Filter>
    </ClCompile>
    <ClCompile Include="math\vector.cpp">
      <Filter>math</Filter>
    </ClCompile>
    <ClCompile Include="mesh\mesh.cpp">
      <Filter>mesh</Filter>
    </ClCompile>
    <ClCompile Include="gpu\rendercontext.cpp">
      <Filter>gpu</Filter>
    </ClCompile>
    <ClCompile Include="gpu\renderer.cpp">
      <Filter>gpu</Filter>
    </ClCompile>
    <ClCompile Include="gpu\shader.cpp">
      <Filter>gpu</Filter>
    </ClCompile>
    <ClCompile Include="gpu\texture.cpp">
      <Filter>gpu</Filter>
    </ClCompile>
    <ClCompile Include="gpu\vertexbuffer.cpp">
      <Filter>gpu</Filter>
    </ClCompile>
    <ClCompile Include="application\application.cpp">
      <Filter>application</Filter>
    </ClCompile>
    <ClCompile Include="image\codec\android-image.cpp">
      <Filter>image\codec</Filter>
    </ClCompile>
    <ClCompile Include="image\codec\dummy-image.cpp">
      <Filter>image\codec</Filter>
    </ClCompile>
    <ClCompile Include="image\codec\gdiplus-image.cpp">
      <Filter>image\codec</Filter>
    </ClCompile>
    <ClCompile Include="image\codec\ios-image.cpp">
      <Filter>image\codec</Filter>
    </ClCompile>
    <ClCompile Include="image\codec\ps3-image.cpp">
      <Filter>image\codec</Filter>
    </ClCompile>
    <ClCompile Include="image\codec\sdl-image.cpp">
      <Filter>image\codec</Filter>
    </ClCompile>
    <ClCompile Include="platform\xbox\xboxapp.cpp">
      <Filter>mesh\platform\xbox</Filter>
    </ClCompile>
    <ClCompile Include="platform\xbox\xboxinput.cpp">
      <Filter>mesh\platform\xbox</Filter>
    </ClCompile>
    <ClCompile Include="gpu\indexbuffer.cpp">
      <Filter>gpu</Filter>
    </ClCompile>
    <ClCompile Include="input\input.cpp">
      <Filter>input</Filter>
    </ClCompile>
    <ClCompile Include="platform\d3d9\d3d9input.cpp">
      <Filter>mesh\platform\d3d9</Filter>
    </ClCompile>
    <ClCompile Include="audio.cpp">
      <Filter>...</Filter>
    </ClCompile>
    <ClCompile Include="camera.cpp">
      <Filter>...</Filter>
    </ClCompile>
    <ClCompile Include="dict.cpp">
      <Filter>...</Filter>
    </ClCompile>
    <ClCompile Include="eglapp.cpp">
      <Filter>...</Filter>
    </ClCompile>
    <ClCompile Include="emitter.cpp">
      <Filter>...</Filter>
    </ClCompile>
    <ClCompile Include="entity.cpp">
      <Filter>...</Filter>
    </ClCompile>
    <ClCompile Include="font.cpp">
      <Filter>...</Filter>
    </ClCompile>
    <ClCompile Include="forge.cpp">
      <Filter>...</Filter>
    </ClCompile>
    <ClCompile Include="gradient.cpp">
      <Filter>...</Filter>
    </ClCompile>
    <ClCompile Include="layer.cpp">
      <Filter>...</Filter>
    </ClCompile>
    <ClCompile Include="light.cpp">
      <Filter>...</Filter>
    </ClCompile>
    <ClCompile Include="ticker.cpp">
      <Filter>...</Filter>
    </ClCompile>
    <ClCompile Include="map.cpp">
      <Filter>...</Filter>
    </ClCompile>
    <ClCompile Include="platform.cpp">
      <Filter>...</Filter>
    </ClCompile>
    <ClCompile Include="profiler.cpp">
      <Filter>...</Filter>
    </ClCompile>
    <ClCompile Include="sample.cpp">
      <Filter>...</Filter>
    </ClCompile>
    <ClCompile Include="sampler.cpp">
      <Filter>...</Filter>
    </ClCompile>
    <ClCompile Include="scene.cpp">
      <Filter>...</Filter>
    </ClCompile>
    <ClCompile Include="sprite.cpp">
      <Filter>...</Filter>
    </ClCompile>
    <ClCompile Include="text.cpp">
      <Filter>...</Filter>
    </ClCompile>
    <ClCompile Include="tiler.cpp">
      <Filter>...</Filter>
    </ClCompile>
    <ClCompile Include="tileset.cpp">
      <Filter>...</Filter>
    </ClCompile>
    <ClCompile Include="video.cpp">
      <Filter>...</Filter>
    </ClCompile>
    <ClCompile Include="world.cpp">
      <Filter>...</Filter>
    </ClCompile>
    <ClCompile Include="worldentity.cpp">
      <Filter>...</Filter>
    </ClCompile>
    <ClCompile Include="gpu\framebuffer.cpp">
      <Filter>gpu</Filter>
    </ClCompile>
    <ClCompile Include="easymesh\easymesh.cpp">
      <Filter>easymesh</Filter>
    </ClCompile>
    <ClCompile Include="easymesh\easymesh-compiler.cpp">
      <Filter>easymesh</Filter>
    </ClCompile>
    <ClCompile Include="generated\easymesh-parser.cpp">
      <Filter>generated</Filter>
    </ClCompile>
    <ClCompile Include="generated\easymesh-scanner.cpp">
      <Filter>generated</Filter>
    </ClCompile>
    <ClCompile Include="generated\lolfx-parser.cpp">
      <Filter>generated</Filter>
    </ClCompile>
    <ClCompile Include="generated\lolfx-scanner.cpp">
      <Filter>generated</Filter>
    </ClCompile>
    <ClCompile Include="platform\ps3\ps3app.cpp">
      <Filter>mesh\platform\ps3</Filter>
    </ClCompile>
    <ClCompile Include="platform\ps3\ps3input.cpp">
      <Filter>mesh\platform\ps3</Filter>
    </ClCompile>
    <ClCompile Include="gpu\lolfx-compiler.cpp">
      <Filter>gpu</Filter>
    </ClCompile>
    <ClCompile Include="gpu\lolfx.cpp">
      <Filter>gpu</Filter>
    </ClCompile>
    <ClCompile Include="base\assert.cpp">
      <Filter>base</Filter>
    </ClCompile>
    <ClCompile Include="base\hash.cpp">
      <Filter>base</Filter>
    </ClCompile>
    <ClCompile Include="base\string.cpp">
      <Filter>base</Filter>
    </ClCompile>
    <ClCompile Include="image\color\cie1931.cpp">
      <Filter>image\color</Filter>
    </ClCompile>
    <ClCompile Include="math\geometry.cpp">
      <Filter>math</Filter>
    </ClCompile>
    <ClCompile Include="easymesh\csgbsp.cpp">
      <Filter>easymesh</Filter>
    </ClCompile>
    <ClCompile Include="sys\init.cpp">
      <Filter>sys</Filter>
    </ClCompile>
    <ClCompile Include="sys\file.cpp">
      <Filter>sys</Filter>
    </ClCompile>
    <ClCompile Include="sys\timer.cpp">
      <Filter>sys</Filter>
    </ClCompile>
    <ClCompile Include="base\log.cpp">
      <Filter>base</Filter>
    </ClCompile>
    <ClCompile Include="debug\lines.cpp">
      <Filter>debug</Filter>
    </ClCompile>
    <ClCompile Include="input\controller.cpp">
      <Filter>input</Filter>
    </ClCompile>
  </ItemGroup>
  <ItemGroup>
    <ClInclude Include="debug\fps.h">
      <Filter>debug</Filter>
    </ClInclude>
    <ClInclude Include="debug\record.h">
      <Filter>debug</Filter>
    </ClInclude>
    <ClInclude Include="debug\stats.h">
      <Filter>debug</Filter>
    </ClInclude>
    <ClInclude Include="platform\sdl\sdlinput.h">
      <Filter>mesh\platform\sdl</Filter>
    </ClInclude>
    <ClInclude Include="platform\sdl\sdlapp.h">
      <Filter>mesh\platform\sdl</Filter>
    </ClInclude>
    <ClInclude Include="lol\image\color.h">
      <Filter>lol\image</Filter>
    </ClInclude>
    <ClInclude Include="lol\math\half.h">
      <Filter>lol\math</Filter>
    </ClInclude>
    <ClInclude Include="lol\math\all.h">
      <Filter>lol\math</Filter>
    </ClInclude>
    <ClInclude Include="lol\math\rand.h">
      <Filter>lol\math</Filter>
    </ClInclude>
    <ClInclude Include="lol\math\real.h">
      <Filter>lol\math</Filter>
    </ClInclude>
    <ClInclude Include="lol\math\remez.h">
      <Filter>lol\math</Filter>
    </ClInclude>
    <ClInclude Include="lol\math\vector.h">
      <Filter>lol\math</Filter>
    </ClInclude>
    <ClInclude Include="lol\unit.h">
      <Filter>lol</Filter>
    </ClInclude>
    <ClInclude Include="mesh\mesh.h">
      <Filter>mesh</Filter>
    </ClInclude>
    <ClInclude Include="application\application.h">
      <Filter>application</Filter>
    </ClInclude>
    <ClInclude Include="image\image-private.h">
      <Filter>image</Filter>
    </ClInclude>
    <ClInclude Include="platform\xbox\xboxapp.h">
      <Filter>mesh\platform\xbox</Filter>
    </ClInclude>
    <ClInclude Include="platform\xbox\xboxinput.h">
      <Filter>mesh\platform\xbox</Filter>
    </ClInclude>
    <ClInclude Include="input\input.h">
      <Filter>input</Filter>
    </ClInclude>
    <ClInclude Include="platform\d3d9\d3d9input.h">
      <Filter>mesh\platform\d3d9</Filter>
    </ClInclude>
    <ClInclude Include="audio.h">
      <Filter>...</Filter>
    </ClInclude>
    <ClInclude Include="camera.h">
      <Filter>...</Filter>
    </ClInclude>
    <ClInclude Include="core.h">
      <Filter>...</Filter>
    </ClInclude>
    <ClInclude Include="dict.h">
      <Filter>...</Filter>
    </ClInclude>
    <ClInclude Include="eglapp.h">
      <Filter>...</Filter>
    </ClInclude>
    <ClInclude Include="emitter.h">
      <Filter>...</Filter>
    </ClInclude>
    <ClInclude Include="entity.h">
      <Filter>...</Filter>
    </ClInclude>
    <ClInclude Include="font.h">
      <Filter>...</Filter>
    </ClInclude>
    <ClInclude Include="forge.h">
      <Filter>...</Filter>
    </ClInclude>
    <ClInclude Include="gradient.h">
      <Filter>...</Filter>
    </ClInclude>
    <ClInclude Include="layer.h">
      <Filter>...</Filter>
    </ClInclude>
    <ClInclude Include="light.h">
      <Filter>...</Filter>
    </ClInclude>
    <ClInclude Include="loldebug.h">
      <Filter>...</Filter>
    </ClInclude>
    <ClInclude Include="lolgl.h">
      <Filter>...</Filter>
    </ClInclude>
    <ClInclude Include="map.h">
      <Filter>...</Filter>
    </ClInclude>
    <ClInclude Include="numeric.h">
      <Filter>...</Filter>
    </ClInclude>
    <ClInclude Include="platform.h">
      <Filter>...</Filter>
    </ClInclude>
    <ClInclude Include="profiler.h">
      <Filter>...</Filter>
    </ClInclude>
    <ClInclude Include="sample.h">
      <Filter>...</Filter>
    </ClInclude>
    <ClInclude Include="sampler.h">
      <Filter>...</Filter>
    </ClInclude>
    <ClInclude Include="scene.h">
      <Filter>...</Filter>
    </ClInclude>
    <ClInclude Include="simd.h">
      <Filter>...</Filter>
    </ClInclude>
    <ClInclude Include="sprite.h">
      <Filter>...</Filter>
    </ClInclude>
    <ClInclude Include="text.h">
      <Filter>...</Filter>
    </ClInclude>
    <ClInclude Include="ticker.h">
      <Filter>...</Filter>
    </ClInclude>
    <ClInclude Include="worldentity.h">
      <Filter>...</Filter>
    </ClInclude>
    <ClInclude Include="tiler.h">
      <Filter>...</Filter>
    </ClInclude>
    <ClInclude Include="tileset.h">
      <Filter>...</Filter>
    </ClInclude>
    <ClInclude Include="video.h">
      <Filter>...</Filter>
    </ClInclude>
    <ClInclude Include="world.h">
      <Filter>...</Filter>
    </ClInclude>
    <ClInclude Include="generated\position.hh">
      <Filter>generated</Filter>
    </ClInclude>
    <ClInclude Include="generated\location.hh">
      <Filter>generated</Filter>
    </ClInclude>
    <ClInclude Include="generated\stack.hh">
      <Filter>generated</Filter>
    </ClInclude>
    <ClInclude Include="easymesh\easymesh.h">
      <Filter>easymesh</Filter>
    </ClInclude>
    <ClInclude Include="easymesh\easymesh-compiler.h">
      <Filter>easymesh</Filter>
    </ClInclude>
    <ClInclude Include="generated\easymesh-parser.h">
      <Filter>generated</Filter>
    </ClInclude>
    <ClInclude Include="gpu\lolfx-compiler.h">
      <Filter>gpu</Filter>
    </ClInclude>
    <ClInclude Include="generated\lolfx-parser.h">
      <Filter>gpu</Filter>
    </ClInclude>
    <ClInclude Include="platform\ps3\ps3app.h">
      <Filter>mesh\platform\ps3</Filter>
    </ClInclude>
    <ClInclude Include="platform\ps3\ps3input.h">
      <Filter>mesh\platform\ps3</Filter>
    </ClInclude>
    <ClInclude Include="platform\ps3\threadbase.h">
      <Filter>mesh\platform\ps3</Filter>
    </ClInclude>
    <ClInclude Include="map.h">
      <Filter>src\...</Filter>
    </ClInclude>
    <ClInclude Include="lol\base\array.h">
      <Filter>lol\base</Filter>
    </ClInclude>
    <ClInclude Include="lol\base\assert.h">
      <Filter>lol\base</Filter>
    </ClInclude>
    <ClInclude Include="lol\base\hash.h">
      <Filter>lol\base</Filter>
    </ClInclude>
    <ClInclude Include="lol\base\map.h">
      <Filter>lol\base</Filter>
    </ClInclude>
    <ClInclude Include="lol\base\string.h">
      <Filter>lol\base</Filter>
    </ClInclude>
    <ClInclude Include="lol\base\types.h">
      <Filter>lol\base</Filter>
    </ClInclude>
    <ClInclude Include="lol\math\geometry.h">
      <Filter>lol\math</Filter>
    </ClInclude>
    <ClInclude Include="lol\math\interp.h">
      <Filter>lol\math</Filter>
    </ClInclude>
    <ClInclude Include="easymesh\csgbsp.h">
      <Filter>easymesh</Filter>
    </ClInclude>
    <ClInclude Include="lol\base\all.h">
      <Filter>lol\base</Filter>
    </ClInclude>
    <ClInclude Include="lol\sys\atomic.h">
      <Filter>lol\sys</Filter>
    </ClInclude>
    <ClInclude Include="lol\math\constants.h">
      <Filter>lol\math</Filter>
    </ClInclude>
    <ClInclude Include="lol\math\functions.h">
      <Filter>lol\math</Filter>
    </ClInclude>
    <ClInclude Include="lol\math\functions.h">
      <Filter>lol\math</Filter>
    </ClInclude>
    <ClInclude Include="lol\sys\file.h">
      <Filter>lol\sys</Filter>
    </ClInclude>
    <ClInclude Include="lol\gpu\framebuffer.h">
      <Filter>lol\gpu</Filter>
    </ClInclude>
    <ClInclude Include="lol\gpu\indexbuffer.h">
      <Filter>lol\gpu</Filter>
    </ClInclude>
    <ClInclude Include="lol\image\all.h">
      <Filter>lol\image</Filter>
    </ClInclude>
    <ClInclude Include="lol\gpu\all.h">
      <Filter>lol\gpu</Filter>
    </ClInclude>
    <ClInclude Include="lol\sys\init.h">
      <Filter>lol\sys</Filter>
    </ClInclude>
    <ClInclude Include="lol\base\log.h">
      <Filter>lol\base</Filter>
    </ClInclude>
    <ClInclude Include="lol\gpu\rendercontext.h">
      <Filter>lol\gpu</Filter>
    </ClInclude>
    <ClInclude Include="lol\gpu\renderer.h">
      <Filter>lol\gpu</Filter>
    </ClInclude>
    <ClInclude Include="lol\gpu\shader.h">
      <Filter>lol\gpu</Filter>
    </ClInclude>
    <ClInclude Include="lol\sys\thread.h">
      <Filter>lol\sys</Filter>
    </ClInclude>
    <ClInclude Include="lol\gpu\texture.h">
      <Filter>lol\gpu</Filter>
    </ClInclude>
    <ClInclude Include="lol\sys\timer.h">
      <Filter>lol\sys</Filter>
    </ClInclude>
    <ClInclude Include="lol\gpu\vertexbuffer.h">
      <Filter>lol\gpu</Filter>
    </ClInclude>
    <ClInclude Include="lol\sys\all.h">
      <Filter>lol\sys</Filter>
    </ClInclude>
    <ClInclude Include="lol\gpu\lolfx.h">
      <Filter>lol\gpu</Filter>
    </ClInclude>
    <ClInclude Include="sys\threadbase.h">
      <Filter>sys</Filter>
    </ClInclude>
    <ClInclude Include="lol\debug\all.h">
      <Filter>lol\debug</Filter>
    </ClInclude>
    <ClInclude Include="lol\debug\lines.h">
      <Filter>lol\debug</Filter>
    </ClInclude>
    <ClInclude Include="lol\image\image.h">
      <Filter>lol\image</Filter>
    </ClInclude>
    <ClInclude Include="input\keys.h">
      <Filter>input</Filter>
    </ClInclude>
    <ClInclude Include="input\controller.h">
      <Filter>input</Filter>
    </ClInclude>
    <ClInclude Include="input\input_internal.h">
      <Filter>input</Filter>
    </ClInclude>
  </ItemGroup>
  <ItemGroup>
    <LolFxCompile Include="gpu\emptymaterial.lolfx">
      <Filter>gpu</Filter>
    </LolFxCompile>
    <LolFxCompile Include="gpu\defaultmaterial.lolfx">
      <Filter>gpu</Filter>
    </LolFxCompile>
    <LolFxCompile Include="gpu\testmaterial.lolfx">
      <Filter>gpu</Filter>
    </LolFxCompile>
    <LolFxCompile Include="easymesh\shiny.lolfx">
      <Filter>easymesh</Filter>
    </LolFxCompile>
    <LolFxCompile Include="gradient.lolfx">
      <Filter>...</Filter>
    </LolFxCompile>
    <LolFxCompile Include="gpu\line.lolfx">
      <Filter>...</Filter>
    </LolFxCompile>
    <LolFxCompile Include="gpu\tile.lolfx">
      <Filter>...</Filter>
    </LolFxCompile>
    <LolFxCompile Include="easymesh\shiny_SK.lolfx">
      <Filter>easymesh</Filter>
    </LolFxCompile>
    <LolFxCompile Include="easymesh\shinydebuglighting.lolfx">
      <Filter>easymesh</Filter>
    </LolFxCompile>
    <LolFxCompile Include="easymesh\shinydebugnormal.lolfx">
      <Filter>easymesh</Filter>
    </LolFxCompile>
    <LolFxCompile Include="easymesh\shinydebugUV.lolfx">
      <Filter>easymesh</Filter>
    </LolFxCompile>
    <LolFxCompile Include="easymesh\shinydebugwireframe.lolfx">
      <Filter>easymesh</Filter>
    </LolFxCompile>
  </ItemGroup>
  <ItemGroup>
    <None Include="easymesh\easymesh-parser.y">
      <Filter>easymesh</Filter>
    </None>
    <None Include="easymesh\easymesh-scanner.l">
      <Filter>easymesh</Filter>
    </None>
    <None Include="gpu\lolfx-scanner.l">
      <Filter>gpu</Filter>
    </None>
    <None Include="gpu\lolfx-parser.y">
      <Filter>gpu</Filter>
    </None>
  </ItemGroup>
</Project>