<?xml version="1.0" encoding="utf-8"?>
<Project ToolsVersion="4.0" xmlns="http://schemas.microsoft.com/developer/msbuild/2003">
  <ItemGroup>
    <Filter Include="src">
      <UniqueIdentifier>{4FC737F1-C7A5-4376-A066-2A32D752A2FF}</UniqueIdentifier>
      <Extensions>cpp;c;cc;cxx;def;odl;idl;hpj;bat;asm;asmx</Extensions>
    </Filter>
    <Filter Include="src\image">
      <UniqueIdentifier>{940329fb-d054-433a-ae30-b7f409790554}</UniqueIdentifier>
    </Filter>
    <Filter Include="src\debug">
      <UniqueIdentifier>{e056731c-5484-434a-965e-801c199c0366}</UniqueIdentifier>
    </Filter>
    <Filter Include="src\core">
      <UniqueIdentifier>{a63b1fd6-3747-4a9f-9bd7-3f942133ad6b}</UniqueIdentifier>
    </Filter>
    <Filter Include="src\platform">
      <UniqueIdentifier>{a11c55f8-8e10-4270-be24-38e8d4fcf589}</UniqueIdentifier>
    </Filter>
    <Filter Include="src\platform\sdl">
      <UniqueIdentifier>{4089421f-2cc2-4036-a6b2-9df8a2f4efc8}</UniqueIdentifier>
    </Filter>
    <Filter Include="src\lol">
      <UniqueIdentifier>{0edcf1a5-3c9c-4425-918c-aa2cbebc51c1}</UniqueIdentifier>
    </Filter>
    <Filter Include="src\lol\image">
      <UniqueIdentifier>{f25b3187-b24c-469a-b038-5a968eaa83f6}</UniqueIdentifier>
    </Filter>
    <Filter Include="src\lol\math">
      <UniqueIdentifier>{1e0b7a4c-425f-4d4f-945e-ba2ac9386ce0}</UniqueIdentifier>
    </Filter>
    <Filter Include="src\math">
      <UniqueIdentifier>{2caadbda-b9f1-446d-bbd2-55c959db342c}</UniqueIdentifier>
    </Filter>
    <Filter Include="src\mesh">
      <UniqueIdentifier>{1eaa8df5-7a31-4358-a1e9-0e265de6ed49}</UniqueIdentifier>
    </Filter>
    <Filter Include="src\gpu">
      <UniqueIdentifier>{ec9b94fc-c716-4ef2-9c3b-c7f3447574b0}</UniqueIdentifier>
    </Filter>
    <Filter Include="src\thread">
      <UniqueIdentifier>{d31f75ec-73c8-4bda-9b8c-6d62a55bc30d}</UniqueIdentifier>
    </Filter>
    <Filter Include="src\application">
      <UniqueIdentifier>{459e2b92-4e46-4f07-89f7-62b55c7a2797}</UniqueIdentifier>
    </Filter>
    <Filter Include="src\image\codec">
      <UniqueIdentifier>{123803f1-1722-4421-8245-098667654cda}</UniqueIdentifier>
    </Filter>
    <Filter Include="src\platform\xbox">
      <UniqueIdentifier>{317cb5cc-5dcc-4e14-be90-40a125a2e2ec}</UniqueIdentifier>
    </Filter>
    <Filter Include="src\input">
      <UniqueIdentifier>{94992c0e-ebc5-4185-b766-323b06547dcf}</UniqueIdentifier>
    </Filter>
    <Filter Include="src\platform\d3d9">
      <UniqueIdentifier>{a914e15d-3201-467a-a9c9-d7c5244b13ee}</UniqueIdentifier>
    </Filter>
    <Filter Include="src\...">
      <UniqueIdentifier>{3592ed6a-59d7-4a6d-be5a-c05cb5dab730}</UniqueIdentifier>
    </Filter>
    <Filter Include="src\generated">
      <UniqueIdentifier>{8d536fa6-9ef8-4bdb-b945-48fe4549e8ec}</UniqueIdentifier>
    </Filter>
    <Filter Include="src\easymesh">
      <UniqueIdentifier>{07117029-d79d-4d59-beec-691b00a97c8f}</UniqueIdentifier>
    </Filter>
    <Filter Include="src\platform\ps3">
      <UniqueIdentifier>{c6c6b597-ed6c-4d82-a166-964beeeeb525}</UniqueIdentifier>
    </Filter>
    <Filter Include="bullet">
      <UniqueIdentifier>{b946cc33-6677-4e16-b7ef-fa3ee393ec19}</UniqueIdentifier>
    </Filter>
    <Filter Include="src\lol\core">
      <UniqueIdentifier>{e17b998c-d494-480b-ae29-5d1564f73327}</UniqueIdentifier>
    </Filter>
  </ItemGroup>
  <ItemGroup>
    <ClCompile Include="image\image.cpp">
      <Filter>src\image</Filter>
    </ClCompile>
    <ClCompile Include="debug\fps.cpp">
      <Filter>src\debug</Filter>
    </ClCompile>
    <ClCompile Include="debug\record.cpp">
      <Filter>src\debug</Filter>
    </ClCompile>
    <ClCompile Include="debug\stats.cpp">
      <Filter>src\debug</Filter>
    </ClCompile>
    <ClCompile Include="platform\sdl\sdlapp.cpp">
      <Filter>src\platform\sdl</Filter>
    </ClCompile>
    <ClCompile Include="platform\sdl\sdlinput.cpp">
      <Filter>src\platform\sdl</Filter>
    </ClCompile>
    <ClCompile Include="math\half.cpp">
      <Filter>src\math</Filter>
    </ClCompile>
    <ClCompile Include="math\real.cpp">
      <Filter>src\math</Filter>
    </ClCompile>
    <ClCompile Include="math\trig.cpp">
      <Filter>src\math</Filter>
    </ClCompile>
    <ClCompile Include="math\vector.cpp">
      <Filter>src\math</Filter>
    </ClCompile>
    <ClCompile Include="mesh\mesh.cpp">
      <Filter>src\mesh</Filter>
    </ClCompile>
    <ClCompile Include="gpu\shader.cpp">
      <Filter>src\gpu</Filter>
    </ClCompile>
    <ClCompile Include="gpu\texture.cpp">
      <Filter>src\gpu</Filter>
    </ClCompile>
    <ClCompile Include="gpu\vertexbuffer.cpp">
      <Filter>src\gpu</Filter>
    </ClCompile>
    <ClCompile Include="application\application.cpp">
      <Filter>src\application</Filter>
    </ClCompile>
    <ClCompile Include="image\codec\android-image.cpp">
      <Filter>src\image\codec</Filter>
    </ClCompile>
    <ClCompile Include="image\codec\dummy-image.cpp">
      <Filter>src\image\codec</Filter>
    </ClCompile>
    <ClCompile Include="image\codec\gdiplus-image.cpp">
      <Filter>src\image\codec</Filter>
    </ClCompile>
    <ClCompile Include="image\codec\ios-image.cpp">
      <Filter>src\image\codec</Filter>
    </ClCompile>
    <ClCompile Include="image\codec\ps3-image.cpp">
      <Filter>src\image\codec</Filter>
    </ClCompile>
    <ClCompile Include="image\codec\sdl-image.cpp">
      <Filter>src\image\codec</Filter>
    </ClCompile>
    <ClCompile Include="platform\xbox\xboxapp.cpp">
      <Filter>src\platform\xbox</Filter>
    </ClCompile>
    <ClCompile Include="platform\xbox\xboxinput.cpp">
      <Filter>src\platform\xbox</Filter>
    </ClCompile>
    <ClCompile Include="gpu\indexbuffer.cpp">
      <Filter>src\gpu</Filter>
    </ClCompile>
    <ClCompile Include="input\input.cpp">
      <Filter>src\input</Filter>
    </ClCompile>
    <ClCompile Include="input\keyboard.cpp">
      <Filter>src\input</Filter>
    </ClCompile>
    <ClCompile Include="input\stick.cpp">
      <Filter>src\input</Filter>
    </ClCompile>
    <ClCompile Include="platform\d3d9\d3d9input.cpp">
      <Filter>src\platform\d3d9</Filter>
    </ClCompile>
    <ClCompile Include="audio.cpp">
      <Filter>src\...</Filter>
    </ClCompile>
    <ClCompile Include="camera.cpp">
      <Filter>src\...</Filter>
    </ClCompile>
    <ClCompile Include="dict.cpp">
      <Filter>src\...</Filter>
    </ClCompile>
    <ClCompile Include="eglapp.cpp">
      <Filter>src\...</Filter>
    </ClCompile>
    <ClCompile Include="emitter.cpp">
      <Filter>src\...</Filter>
    </ClCompile>
    <ClCompile Include="entity.cpp">
      <Filter>src\...</Filter>
    </ClCompile>
    <ClCompile Include="font.cpp">
      <Filter>src\...</Filter>
    </ClCompile>
    <ClCompile Include="forge.cpp">
      <Filter>src\...</Filter>
    </ClCompile>
    <ClCompile Include="gradient.cpp">
      <Filter>src\...</Filter>
    </ClCompile>
    <ClCompile Include="layer.cpp">
      <Filter>src\...</Filter>
    </ClCompile>
    <ClCompile Include="ticker.cpp">
      <Filter>src\...</Filter>
    </ClCompile>
    <ClCompile Include="log.cpp">
      <Filter>src\...</Filter>
    </ClCompile>
    <ClCompile Include="map.cpp">
      <Filter>src\...</Filter>
    </ClCompile>
    <ClCompile Include="platform.cpp">
      <Filter>src\...</Filter>
    </ClCompile>
    <ClCompile Include="profiler.cpp">
      <Filter>src\...</Filter>
    </ClCompile>
    <ClCompile Include="sample.cpp">
      <Filter>src\...</Filter>
    </ClCompile>
    <ClCompile Include="sampler.cpp">
      <Filter>src\...</Filter>
    </ClCompile>
    <ClCompile Include="scene.cpp">
      <Filter>src\...</Filter>
    </ClCompile>
    <ClCompile Include="sprite.cpp">
      <Filter>src\...</Filter>
    </ClCompile>
    <ClCompile Include="text.cpp">
      <Filter>src\...</Filter>
    </ClCompile>
    <ClCompile Include="tiler.cpp">
      <Filter>src\...</Filter>
    </ClCompile>
    <ClCompile Include="tileset.cpp">
      <Filter>src\...</Filter>
    </ClCompile>
    <ClCompile Include="timer.cpp">
      <Filter>src\...</Filter>
    </ClCompile>
    <ClCompile Include="video.cpp">
      <Filter>src\...</Filter>
    </ClCompile>
    <ClCompile Include="world.cpp">
      <Filter>src\...</Filter>
    </ClCompile>
    <ClCompile Include="worldentity.cpp">
      <Filter>src\...</Filter>
    </ClCompile>
    <ClCompile Include="gpu\framebuffer.cpp">
      <Filter>src\gpu</Filter>
    </ClCompile>
    <ClCompile Include="easymesh\easymesh.cpp">
      <Filter>src\easymesh</Filter>
    </ClCompile>
    <ClCompile Include="easymesh\easymesh-compiler.cpp">
      <Filter>src\easymesh</Filter>
    </ClCompile>
    <ClCompile Include="generated\easymesh-parser.cpp">
      <Filter>src\generated</Filter>
    </ClCompile>
    <ClCompile Include="generated\easymesh-scanner.cpp">
      <Filter>src\generated</Filter>
    </ClCompile>
    <ClCompile Include="generated\lolfx-parser.cpp">
      <Filter>src\generated</Filter>
    </ClCompile>
    <ClCompile Include="generated\lolfx-scanner.cpp">
      <Filter>src\generated</Filter>
    </ClCompile>
    <ClCompile Include="platform\ps3\ps3app.cpp">
      <Filter>src\platform\ps3</Filter>
    </ClCompile>
    <ClCompile Include="platform\ps3\ps3input.cpp">
      <Filter>src\platform\ps3</Filter>
    </ClCompile>
    <ClCompile Include="bullet\BulletCollision\CollisionDispatch\SphereTriangleDetector.cpp">
      <Filter>bullet</Filter>
    </ClCompile>
    <ClCompile Include="bullet\BulletCollision\CollisionDispatch\btActivatingCollisionAlgorithm.cpp">
      <Filter>bullet</Filter>
    </ClCompile>
    <ClCompile Include="bullet\LinearMath\btAlignedAllocator.cpp">
      <Filter>bullet</Filter>
    </ClCompile>
    <ClCompile Include="bullet\BulletCollision\BroadphaseCollision\btAxisSweep3.cpp">
      <Filter>bullet</Filter>
    </ClCompile>
    <ClCompile Include="bullet\BulletCollision\CollisionDispatch\btBox2dBox2dCollisionAlgorithm.cpp">
      <Filter>bullet</Filter>
    </ClCompile>
    <ClCompile Include="bullet\BulletCollision\CollisionShapes\btBox2dShape.cpp">
      <Filter>bullet</Filter>
    </ClCompile>
    <ClCompile Include="bullet\BulletCollision\CollisionDispatch\btBoxBoxCollisionAlgorithm.cpp">
      <Filter>bullet</Filter>
    </ClCompile>
    <ClCompile Include="bullet\BulletCollision\CollisionDispatch\btBoxBoxDetector.cpp">
      <Filter>bullet</Filter>
    </ClCompile>
    <ClCompile Include="bullet\BulletCollision\CollisionShapes\btBoxShape.cpp">
      <Filter>bullet</Filter>
    </ClCompile>
    <ClCompile Include="bullet\BulletCollision\BroadphaseCollision\btBroadphaseProxy.cpp">
      <Filter>bullet</Filter>
    </ClCompile>
    <ClCompile Include="bullet\BulletCollision\CollisionShapes\btBvhTriangleMeshShape.cpp">
      <Filter>bullet</Filter>
    </ClCompile>
    <ClCompile Include="bullet\BulletCollision\CollisionShapes\btCapsuleShape.cpp">
      <Filter>bullet</Filter>
    </ClCompile>
    <ClCompile Include="bullet\BulletCollision\BroadphaseCollision\btCollisionAlgorithm.cpp">
      <Filter>bullet</Filter>
    </ClCompile>
    <ClCompile Include="bullet\BulletCollision\CollisionDispatch\btCollisionDispatcher.cpp">
      <Filter>bullet</Filter>
    </ClCompile>
    <ClCompile Include="bullet\BulletCollision\CollisionDispatch\btCollisionObject.cpp">
      <Filter>bullet</Filter>
    </ClCompile>
    <ClCompile Include="bullet\BulletCollision\CollisionShapes\btCollisionShape.cpp">
      <Filter>bullet</Filter>
    </ClCompile>
    <ClCompile Include="bullet\BulletCollision\CollisionDispatch\btCollisionWorld.cpp">
      <Filter>bullet</Filter>
    </ClCompile>
    <ClCompile Include="bullet\BulletCollision\CollisionDispatch\btCompoundCollisionAlgorithm.cpp">
      <Filter>bullet</Filter>
    </ClCompile>
    <ClCompile Include="bullet\BulletCollision\CollisionShapes\btCompoundShape.cpp">
      <Filter>bullet</Filter>
    </ClCompile>
    <ClCompile Include="bullet\BulletCollision\CollisionShapes\btConcaveShape.cpp">
      <Filter>bullet</Filter>
    </ClCompile>
    <ClCompile Include="bullet\BulletCollision\CollisionShapes\btConeShape.cpp">
      <Filter>bullet</Filter>
    </ClCompile>
    <ClCompile Include="bullet\BulletDynamics\ConstraintSolver\btConeTwistConstraint.cpp">
      <Filter>bullet</Filter>
    </ClCompile>
    <ClCompile Include="bullet\BulletDynamics\ConstraintSolver\btContactConstraint.cpp">
      <Filter>bullet</Filter>
    </ClCompile>
    <ClCompile Include="bullet\BulletCollision\Gimpact\btContactProcessing.cpp">
      <Filter>bullet</Filter>
    </ClCompile>
    <ClCompile Include="bullet\BulletCollision\NarrowPhaseCollision\btContinuousConvexCollision.cpp">
      <Filter>bullet</Filter>
    </ClCompile>
    <ClCompile Include="bullet\BulletCollision\CollisionDispatch\btConvex2dConvex2dAlgorithm.cpp">
      <Filter>bullet</Filter>
    </ClCompile>
    <ClCompile Include="bullet\BulletCollision\CollisionShapes\btConvex2dShape.cpp">
      <Filter>bullet</Filter>
    </ClCompile>
    <ClCompile Include="bullet\BulletCollision\NarrowPhaseCollision\btConvexCast.cpp">
      <Filter>bullet</Filter>
    </ClCompile>
    <ClCompile Include="bullet\BulletCollision\CollisionDispatch\btConvexConcaveCollisionAlgorithm.cpp">
      <Filter>bullet</Filter>
    </ClCompile>
    <ClCompile Include="bullet\BulletCollision\CollisionDispatch\btConvexConvexAlgorithm.cpp">
      <Filter>bullet</Filter>
    </ClCompile>
    <ClCompile Include="bullet\LinearMath\btConvexHull.cpp">
      <Filter>bullet</Filter>
    </ClCompile>
    <ClCompile Include="bullet\LinearMath\btConvexHullComputer.cpp">
      <Filter>bullet</Filter>
    </ClCompile>
    <ClCompile Include="bullet\BulletCollision\CollisionShapes\btConvexHullShape.cpp">
      <Filter>bullet</Filter>
    </ClCompile>
    <ClCompile Include="bullet\BulletCollision\CollisionShapes\btConvexInternalShape.cpp">
      <Filter>bullet</Filter>
    </ClCompile>
    <ClCompile Include="bullet\BulletCollision\CollisionDispatch\btConvexPlaneCollisionAlgorithm.cpp">
      <Filter>bullet</Filter>
    </ClCompile>
    <ClCompile Include="bullet\BulletCollision\CollisionShapes\btConvexPointCloudShape.cpp">
      <Filter>bullet</Filter>
    </ClCompile>
    <ClCompile Include="bullet\BulletCollision\CollisionShapes\btConvexPolyhedron.cpp">
      <Filter>bullet</Filter>
    </ClCompile>
    <ClCompile Include="bullet\BulletCollision\CollisionShapes\btConvexShape.cpp">
      <Filter>bullet</Filter>
    </ClCompile>
    <ClCompile Include="bullet\BulletCollision\CollisionShapes\btConvexTriangleMeshShape.cpp">
      <Filter>bullet</Filter>
    </ClCompile>
    <ClCompile Include="bullet\BulletCollision\CollisionShapes\btCylinderShape.cpp">
      <Filter>bullet</Filter>
    </ClCompile>
    <ClCompile Include="bullet\BulletCollision\BroadphaseCollision\btDbvt.cpp">
      <Filter>bullet</Filter>
    </ClCompile>
    <ClCompile Include="bullet\BulletCollision\BroadphaseCollision\btDbvtBroadphase.cpp">
      <Filter>bullet</Filter>
    </ClCompile>
    <ClCompile Include="bullet\BulletCollision\CollisionDispatch\btDefaultCollisionConfiguration.cpp">
      <Filter>bullet</Filter>
    </ClCompile>
    <ClCompile Include="bullet\BulletSoftBody\btDefaultSoftBodySolver.cpp">
      <Filter>bullet</Filter>
    </ClCompile>
    <ClCompile Include="bullet\BulletDynamics\Dynamics\btDiscreteDynamicsWorld.cpp">
      <Filter>bullet</Filter>
    </ClCompile>
    <ClCompile Include="bullet\BulletCollision\BroadphaseCollision\btDispatcher.cpp">
      <Filter>bullet</Filter>
    </ClCompile>
    <ClCompile Include="bullet\BulletCollision\CollisionDispatch\btEmptyCollisionAlgorithm.cpp">
      <Filter>bullet</Filter>
    </ClCompile>
    <ClCompile Include="bullet\BulletCollision\CollisionShapes\btEmptyShape.cpp">
      <Filter>bullet</Filter>
    </ClCompile>
    <ClCompile Include="bullet\BulletDynamics\ConstraintSolver\btGeneric6DofConstraint.cpp">
      <Filter>bullet</Filter>
    </ClCompile>
    <ClCompile Include="bullet\BulletDynamics\ConstraintSolver\btGeneric6DofSpringConstraint.cpp">
      <Filter>bullet</Filter>
    </ClCompile>
    <ClCompile Include="bullet\BulletCollision\Gimpact\btGenericPoolAllocator.cpp">
      <Filter>bullet</Filter>
    </ClCompile>
    <ClCompile Include="bullet\LinearMath\btGeometryUtil.cpp">
      <Filter>bullet</Filter>
    </ClCompile>
    <ClCompile Include="bullet\BulletCollision\CollisionDispatch\btGhostObject.cpp">
      <Filter>bullet</Filter>
    </ClCompile>
    <ClCompile Include="bullet\BulletCollision\Gimpact\btGImpactBvh.cpp">
      <Filter>bullet</Filter>
    </ClCompile>
    <ClCompile Include="bullet\BulletCollision\Gimpact\btGImpactCollisionAlgorithm.cpp">
      <Filter>bullet</Filter>
    </ClCompile>
    <ClCompile Include="bullet\BulletCollision\Gimpact\btGImpactQuantizedBvh.cpp">
      <Filter>bullet</Filter>
    </ClCompile>
    <ClCompile Include="bullet\BulletCollision\Gimpact\btGImpactShape.cpp">
      <Filter>bullet</Filter>
    </ClCompile>
    <ClCompile Include="bullet\BulletCollision\NarrowPhaseCollision\btGjkConvexCast.cpp">
      <Filter>bullet</Filter>
    </ClCompile>
    <ClCompile Include="bullet\BulletCollision\NarrowPhaseCollision\btGjkEpa2.cpp">
      <Filter>bullet</Filter>
    </ClCompile>
    <ClCompile Include="bullet\BulletCollision\NarrowPhaseCollision\btGjkEpaPenetrationDepthSolver.cpp">
      <Filter>bullet</Filter>
    </ClCompile>
    <ClCompile Include="bullet\BulletCollision\NarrowPhaseCollision\btGjkPairDetector.cpp">
      <Filter>bullet</Filter>
    </ClCompile>
    <ClCompile Include="bullet\BulletCollision\CollisionShapes\btHeightfieldTerrainShape.cpp">
      <Filter>bullet</Filter>
    </ClCompile>
    <ClCompile Include="bullet\BulletDynamics\ConstraintSolver\btHinge2Constraint.cpp">
      <Filter>bullet</Filter>
    </ClCompile>
    <ClCompile Include="bullet\BulletDynamics\ConstraintSolver\btHingeConstraint.cpp">
      <Filter>bullet</Filter>
    </ClCompile>
    <ClCompile Include="bullet\BulletCollision\CollisionDispatch\btInternalEdgeUtility.cpp">
      <Filter>bullet</Filter>
    </ClCompile>
    <ClCompile Include="bullet\BulletDynamics\Character\btKinematicCharacterController.cpp">
      <Filter>bullet</Filter>
    </ClCompile>
    <ClCompile Include="bullet\BulletCollision\CollisionDispatch\btManifoldResult.cpp">
      <Filter>bullet</Filter>
    </ClCompile>
    <ClCompile Include="bullet\BulletCollision\NarrowPhaseCollision\btMinkowskiPenetrationDepthSolver.cpp">
      <Filter>bullet</Filter>
    </ClCompile>
    <ClCompile Include="bullet\BulletCollision\CollisionShapes\btMinkowskiSumShape.cpp">
      <Filter>bullet</Filter>
    </ClCompile>
    <ClCompile Include="bullet\BulletCollision\CollisionShapes\btMultimaterialTriangleMeshShape.cpp">
      <Filter>bullet</Filter>
    </ClCompile>
    <ClCompile Include="bullet\BulletCollision\BroadphaseCollision\btMultiSapBroadphase.cpp">
      <Filter>bullet</Filter>
    </ClCompile>
    <ClCompile Include="bullet\BulletCollision\CollisionShapes\btMultiSphereShape.cpp">
      <Filter>bullet</Filter>
    </ClCompile>
    <ClCompile Include="bullet\BulletCollision\CollisionShapes\btOptimizedBvh.cpp">
      <Filter>bullet</Filter>
    </ClCompile>
    <ClCompile Include="bullet\BulletCollision\BroadphaseCollision\btOverlappingPairCache.cpp">
      <Filter>bullet</Filter>
    </ClCompile>
    <ClCompile Include="bullet\BulletCollision\NarrowPhaseCollision\btPersistentManifold.cpp">
      <Filter>bullet</Filter>
    </ClCompile>
    <ClCompile Include="bullet\BulletDynamics\ConstraintSolver\btPoint2PointConstraint.cpp">
      <Filter>bullet</Filter>
    </ClCompile>
    <ClCompile Include="bullet\BulletCollision\NarrowPhaseCollision\btPolyhedralContactClipping.cpp">
      <Filter>bullet</Filter>
    </ClCompile>
    <ClCompile Include="bullet\BulletCollision\CollisionShapes\btPolyhedralConvexShape.cpp">
      <Filter>bullet</Filter>
    </ClCompile>
    <ClCompile Include="bullet\BulletCollision\BroadphaseCollision\btQuantizedBvh.cpp">
      <Filter>bullet</Filter>
    </ClCompile>
    <ClCompile Include="bullet\LinearMath\btQuickprof.cpp">
      <Filter>bullet</Filter>
    </ClCompile>
    <ClCompile Include="bullet\BulletCollision\NarrowPhaseCollision\btRaycastCallback.cpp">
      <Filter>bullet</Filter>
    </ClCompile>
    <ClCompile Include="bullet\BulletDynamics\Vehicle\btRaycastVehicle.cpp">
      <Filter>bullet</Filter>
    </ClCompile>
    <ClCompile Include="bullet\BulletDynamics\Dynamics\btRigidBody.cpp">
      <Filter>bullet</Filter>
    </ClCompile>
    <ClCompile Include="bullet\BulletCollision\CollisionShapes\btScaledBvhTriangleMeshShape.cpp">
      <Filter>bullet</Filter>
    </ClCompile>
    <ClCompile Include="bullet\BulletDynamics\ConstraintSolver\btSequentialImpulseConstraintSolver.cpp">
      <Filter>bullet</Filter>
    </ClCompile>
    <ClCompile Include="bullet\LinearMath\btSerializer.cpp">
      <Filter>bullet</Filter>
    </ClCompile>
    <ClCompile Include="bullet\BulletCollision\CollisionShapes\btShapeHull.cpp">
      <Filter>bullet</Filter>
    </ClCompile>
    <ClCompile Include="bullet\BulletCollision\BroadphaseCollision\btSimpleBroadphase.cpp">
      <Filter>bullet</Filter>
    </ClCompile>
    <ClCompile Include="bullet\BulletDynamics\Dynamics\btSimpleDynamicsWorld.cpp">
      <Filter>bullet</Filter>
    </ClCompile>
    <ClCompile Include="bullet\BulletCollision\CollisionDispatch\btSimulationIslandManager.cpp">
      <Filter>bullet</Filter>
    </ClCompile>
    <ClCompile Include="bullet\BulletDynamics\ConstraintSolver\btSliderConstraint.cpp">
      <Filter>bullet</Filter>
    </ClCompile>
    <ClCompile Include="bullet\BulletSoftBody\btSoftBody.cpp">
      <Filter>bullet</Filter>
    </ClCompile>
    <ClCompile Include="bullet\BulletSoftBody\btSoftBodyConcaveCollisionAlgorithm.cpp">
      <Filter>bullet</Filter>
    </ClCompile>
    <ClCompile Include="bullet\BulletSoftBody\btSoftBodyHelpers.cpp">
      <Filter>bullet</Filter>
    </ClCompile>
    <ClCompile Include="bullet\BulletSoftBody\btSoftBodyRigidBodyCollisionConfiguration.cpp">
      <Filter>bullet</Filter>
    </ClCompile>
    <ClCompile Include="bullet\BulletSoftBody\btSoftRigidCollisionAlgorithm.cpp">
      <Filter>bullet</Filter>
    </ClCompile>
    <ClCompile Include="bullet\BulletSoftBody\btSoftRigidDynamicsWorld.cpp">
      <Filter>bullet</Filter>
    </ClCompile>
    <ClCompile Include="bullet\BulletSoftBody\btSoftSoftCollisionAlgorithm.cpp">
      <Filter>bullet</Filter>
    </ClCompile>
    <ClCompile Include="bullet\BulletDynamics\ConstraintSolver\btSolve2LinearConstraint.cpp">
      <Filter>bullet</Filter>
    </ClCompile>
    <ClCompile Include="bullet\BulletCollision\CollisionDispatch\btSphereBoxCollisionAlgorithm.cpp">
      <Filter>bullet</Filter>
    </ClCompile>
    <ClCompile Include="bullet\BulletCollision\CollisionShapes\btSphereShape.cpp">
      <Filter>bullet</Filter>
    </ClCompile>
    <ClCompile Include="bullet\BulletCollision\CollisionDispatch\btSphereSphereCollisionAlgorithm.cpp">
      <Filter>bullet</Filter>
    </ClCompile>
    <ClCompile Include="bullet\BulletCollision\CollisionDispatch\btSphereTriangleCollisionAlgorithm.cpp">
      <Filter>bullet</Filter>
    </ClCompile>
    <ClCompile Include="bullet\BulletCollision\CollisionShapes\btStaticPlaneShape.cpp">
      <Filter>bullet</Filter>
    </ClCompile>
    <ClCompile Include="bullet\BulletCollision\CollisionShapes\btStridingMeshInterface.cpp">
      <Filter>bullet</Filter>
    </ClCompile>
    <ClCompile Include="bullet\BulletCollision\NarrowPhaseCollision\btSubSimplexConvexCast.cpp">
      <Filter>bullet</Filter>
    </ClCompile>
    <ClCompile Include="bullet\BulletCollision\CollisionShapes\btTetrahedronShape.cpp">
      <Filter>bullet</Filter>
    </ClCompile>
    <ClCompile Include="bullet\BulletCollision\CollisionShapes\btTriangleBuffer.cpp">
      <Filter>bullet</Filter>
    </ClCompile>
    <ClCompile Include="bullet\BulletCollision\CollisionShapes\btTriangleCallback.cpp">
      <Filter>bullet</Filter>
    </ClCompile>
    <ClCompile Include="bullet\BulletCollision\CollisionShapes\btTriangleIndexVertexArray.cpp">
      <Filter>bullet</Filter>
    </ClCompile>
    <ClCompile Include="bullet\BulletCollision\CollisionShapes\btTriangleIndexVertexMaterialArray.cpp">
      <Filter>bullet</Filter>
    </ClCompile>
    <ClCompile Include="bullet\BulletCollision\CollisionShapes\btTriangleMesh.cpp">
      <Filter>bullet</Filter>
    </ClCompile>
    <ClCompile Include="bullet\BulletCollision\CollisionShapes\btTriangleMeshShape.cpp">
      <Filter>bullet</Filter>
    </ClCompile>
    <ClCompile Include="bullet\BulletCollision\Gimpact\btTriangleShapeEx.cpp">
      <Filter>bullet</Filter>
    </ClCompile>
    <ClCompile Include="bullet\BulletDynamics\ConstraintSolver\btTypedConstraint.cpp">
      <Filter>bullet</Filter>
    </ClCompile>
    <ClCompile Include="bullet\BulletCollision\CollisionShapes\btUniformScalingShape.cpp">
      <Filter>bullet</Filter>
    </ClCompile>
    <ClCompile Include="bullet\BulletCollision\CollisionDispatch\btUnionFind.cpp">
      <Filter>bullet</Filter>
    </ClCompile>
    <ClCompile Include="bullet\BulletDynamics\ConstraintSolver\btUniversalConstraint.cpp">
      <Filter>bullet</Filter>
    </ClCompile>
    <ClCompile Include="bullet\BulletCollision\NarrowPhaseCollision\btVoronoiSimplexSolver.cpp">
      <Filter>bullet</Filter>
    </ClCompile>
    <ClCompile Include="bullet\BulletDynamics\Vehicle\btWheelInfo.cpp">
      <Filter>bullet</Filter>
    </ClCompile>
    <ClCompile Include="bullet\BulletDynamics\Dynamics\Bullet-C-API.cpp">
      <Filter>bullet</Filter>
    </ClCompile>
    <ClCompile Include="bullet\BulletCollision\Gimpact\gim_box_set.cpp">
      <Filter>bullet</Filter>
    </ClCompile>
    <ClCompile Include="bullet\BulletCollision\Gimpact\gim_contact.cpp">
      <Filter>bullet</Filter>
    </ClCompile>
    <ClCompile Include="bullet\BulletCollision\Gimpact\gim_memory.cpp">
      <Filter>bullet</Filter>
    </ClCompile>
    <ClCompile Include="bullet\BulletCollision\Gimpact\gim_tri_collision.cpp">
      <Filter>bullet</Filter>
    </ClCompile>
    <ClCompile Include="gpu\lolfx-compiler.cpp">
      <Filter>src\gpu</Filter>
    </ClCompile>
    <ClCompile Include="gpu\lolfx.cpp">
      <Filter>src\gpu</Filter>
    </ClCompile>
    <ClCompile Include="core\hash.cpp">
      <Filter>src\core</Filter>
    </ClCompile>
    <ClCompile Include="core\string.cpp">
      <Filter>src\core</Filter>
    </ClCompile>
  </ItemGroup>
  <ItemGroup>
    <ClInclude Include="image\image.h">
      <Filter>src\image</Filter>
    </ClInclude>
    <ClInclude Include="debug\fps.h">
      <Filter>src\debug</Filter>
    </ClInclude>
    <ClInclude Include="debug\record.h">
      <Filter>src\debug</Filter>
    </ClInclude>
    <ClInclude Include="debug\stats.h">
      <Filter>src\debug</Filter>
    </ClInclude>
    <ClInclude Include="platform\sdl\sdlinput.h">
      <Filter>src\platform\sdl</Filter>
    </ClInclude>
    <ClInclude Include="platform\sdl\sdlapp.h">
      <Filter>src\platform\sdl</Filter>
    </ClInclude>
    <ClInclude Include="lol\image\color.h">
      <Filter>src\lol\image</Filter>
    </ClInclude>
    <ClInclude Include="lol\math\half.h">
      <Filter>src\lol\math</Filter>
    </ClInclude>
    <ClInclude Include="lol\math\math.h">
      <Filter>src\lol\math</Filter>
    </ClInclude>
    <ClInclude Include="lol\math\real.h">
      <Filter>src\lol\math</Filter>
    </ClInclude>
    <ClInclude Include="lol\math\remez.h">
      <Filter>src\lol\math</Filter>
    </ClInclude>
    <ClInclude Include="lol\math\vector.h">
      <Filter>src\lol\math</Filter>
    </ClInclude>
    <ClInclude Include="lol\unit.h">
      <Filter>src\lol</Filter>
    </ClInclude>
    <ClInclude Include="mesh\mesh.h">
      <Filter>src\mesh</Filter>
    </ClInclude>
    <ClInclude Include="gpu\shader.h">
      <Filter>src\gpu</Filter>
    </ClInclude>
    <ClInclude Include="gpu\texture.h">
      <Filter>src\gpu</Filter>
    </ClInclude>
    <ClInclude Include="gpu\vertexbuffer.h">
      <Filter>src\gpu</Filter>
    </ClInclude>
    <ClInclude Include="thread\thread.h">
      <Filter>src\thread</Filter>
    </ClInclude>
    <ClInclude Include="thread\threadbase.h">
      <Filter>src\thread</Filter>
    </ClInclude>
    <ClInclude Include="application\application.h">
      <Filter>src\application</Filter>
    </ClInclude>
    <ClInclude Include="image\image-private.h">
      <Filter>src\image</Filter>
    </ClInclude>
    <ClInclude Include="platform\xbox\xboxapp.h">
      <Filter>src\platform\xbox</Filter>
    </ClInclude>
    <ClInclude Include="platform\xbox\xboxinput.h">
      <Filter>src\platform\xbox</Filter>
    </ClInclude>
    <ClInclude Include="gpu\indexbuffer.h">
      <Filter>src\gpu</Filter>
    </ClInclude>
    <ClInclude Include="lol\debug.h">
      <Filter>src\lol</Filter>
    </ClInclude>
    <ClInclude Include="input\input.h">
      <Filter>src\input</Filter>
    </ClInclude>
    <ClInclude Include="input\keyboard.h">
      <Filter>src\input</Filter>
    </ClInclude>
    <ClInclude Include="input\stick.h">
      <Filter>src\input</Filter>
    </ClInclude>
    <ClInclude Include="platform\d3d9\d3d9input.h">
      <Filter>src\platform\d3d9</Filter>
    </ClInclude>
    <ClInclude Include="audio.h">
      <Filter>src\...</Filter>
    </ClInclude>
    <ClInclude Include="bitfield.h">
      <Filter>src\...</Filter>
    </ClInclude>
    <ClInclude Include="camera.h">
      <Filter>src\...</Filter>
    </ClInclude>
    <ClInclude Include="core.h">
      <Filter>src\...</Filter>
    </ClInclude>
    <ClInclude Include="dict.h">
      <Filter>src\...</Filter>
    </ClInclude>
    <ClInclude Include="eglapp.h">
      <Filter>src\...</Filter>
    </ClInclude>
    <ClInclude Include="emitter.h">
      <Filter>src\...</Filter>
    </ClInclude>
    <ClInclude Include="entity.h">
      <Filter>src\...</Filter>
    </ClInclude>
    <ClInclude Include="font.h">
      <Filter>src\...</Filter>
    </ClInclude>
    <ClInclude Include="forge.h">
      <Filter>src\...</Filter>
    </ClInclude>
    <ClInclude Include="gradient.h">
      <Filter>src\...</Filter>
    </ClInclude>
    <ClInclude Include="layer.h">
      <Filter>src\...</Filter>
    </ClInclude>
    <ClInclude Include="log.h">
      <Filter>src\...</Filter>
    </ClInclude>
    <ClInclude Include="loldebug.h">
      <Filter>src\...</Filter>
    </ClInclude>
    <ClInclude Include="lolgl.h">
      <Filter>src\...</Filter>
    </ClInclude>
    <ClInclude Include="map.h">
      <Filter>src\...</Filter>
    </ClInclude>
    <ClInclude Include="numeric.h">
      <Filter>src\...</Filter>
    </ClInclude>
    <ClInclude Include="platform.h">
      <Filter>src\...</Filter>
    </ClInclude>
    <ClInclude Include="profiler.h">
      <Filter>src\...</Filter>
    </ClInclude>
    <ClInclude Include="sample.h">
      <Filter>src\...</Filter>
    </ClInclude>
    <ClInclude Include="sampler.h">
      <Filter>src\...</Filter>
    </ClInclude>
    <ClInclude Include="scene.h">
      <Filter>src\...</Filter>
    </ClInclude>
    <ClInclude Include="simd.h">
      <Filter>src\...</Filter>
    </ClInclude>
    <ClInclude Include="sprite.h">
      <Filter>src\...</Filter>
    </ClInclude>
    <ClInclude Include="text.h">
      <Filter>src\...</Filter>
    </ClInclude>
    <ClInclude Include="ticker.h">
      <Filter>src\...</Filter>
    </ClInclude>
    <ClInclude Include="worldentity.h">
      <Filter>src\...</Filter>
    </ClInclude>
    <ClInclude Include="tiler.h">
      <Filter>src\...</Filter>
    </ClInclude>
    <ClInclude Include="tileset.h">
      <Filter>src\...</Filter>
    </ClInclude>
    <ClInclude Include="timer.h">
      <Filter>src\...</Filter>
    </ClInclude>
    <ClInclude Include="video.h">
      <Filter>src\...</Filter>
    </ClInclude>
    <ClInclude Include="world.h">
      <Filter>src\...</Filter>
    </ClInclude>
    <ClInclude Include="gpu\framebuffer.h">
      <Filter>src\gpu</Filter>
    </ClInclude>
    <ClInclude Include="generated\position.hh">
      <Filter>src\generated</Filter>
    </ClInclude>
    <ClInclude Include="generated\location.hh">
      <Filter>src\generated</Filter>
    </ClInclude>
    <ClInclude Include="generated\stack.hh">
      <Filter>src\generated</Filter>
    </ClInclude>
    <ClInclude Include="easymesh\easymesh.h">
      <Filter>src\easymesh</Filter>
    </ClInclude>
    <ClInclude Include="easymesh\easymesh-compiler.h">
      <Filter>src\easymesh</Filter>
    </ClInclude>
    <ClInclude Include="generated\easymesh-parser.h">
      <Filter>src\generated</Filter>
    </ClInclude>
    <ClInclude Include="bullet\btBulletCollisionCommon.h">
      <Filter>bullet</Filter>
    </ClInclude>
    <ClInclude Include="bullet\btBulletDynamicsCommon.h">
      <Filter>bullet</Filter>
    </ClInclude>
    <ClInclude Include="bullet\Bullet-C-Api.h">
      <Filter>bullet</Filter>
    </ClInclude>
    <ClInclude Include="bullet\BulletMultiThreaded\Win32ThreadSupport.h">
      <Filter>bullet</Filter>
    </ClInclude>
    <ClInclude Include="bullet\BulletMultiThreaded\SpuNarrowPhaseCollisionTask\Box.h">
      <Filter>bullet</Filter>
    </ClInclude>
    <ClInclude Include="bullet\BulletMultiThreaded\SpuNarrowPhaseCollisionTask\boxBoxDistance.h">
      <Filter>bullet</Filter>
    </ClInclude>
    <ClInclude Include="bullet\LinearMath\btAabbUtil2.h">
      <Filter>bullet</Filter>
    </ClInclude>
    <ClInclude Include="bullet\BulletDynamics\Dynamics\btActionInterface.h">
      <Filter>bullet</Filter>
    </ClInclude>
    <ClInclude Include="bullet\BulletCollision\CollisionDispatch\btActivatingCollisionAlgorithm.h">
      <Filter>bullet</Filter>
    </ClInclude>
    <ClInclude Include="bullet\LinearMath\btAlignedAllocator.h">
      <Filter>bullet</Filter>
    </ClInclude>
    <ClInclude Include="bullet\LinearMath\btAlignedObjectArray.h">
      <Filter>bullet</Filter>
    </ClInclude>
    <ClInclude Include="bullet\BulletCollision\BroadphaseCollision\btAxisSweep3.h">
      <Filter>bullet</Filter>
    </ClInclude>
    <ClInclude Include="bullet\BulletCollision\CollisionDispatch\btBox2dBox2dCollisionAlgorithm.h">
      <Filter>bullet</Filter>
    </ClInclude>
    <ClInclude Include="bullet\BulletCollision\CollisionShapes\btBox2dShape.h">
      <Filter>bullet</Filter>
    </ClInclude>
    <ClInclude Include="bullet\BulletCollision\CollisionDispatch\btBoxBoxCollisionAlgorithm.h">
      <Filter>bullet</Filter>
    </ClInclude>
    <ClInclude Include="bullet\BulletCollision\CollisionDispatch\btBoxBoxDetector.h">
      <Filter>bullet</Filter>
    </ClInclude>
    <ClInclude Include="bullet\BulletCollision\Gimpact\btBoxCollision.h">
      <Filter>bullet</Filter>
    </ClInclude>
    <ClInclude Include="bullet\BulletCollision\CollisionShapes\btBoxShape.h">
      <Filter>bullet</Filter>
    </ClInclude>
    <ClInclude Include="bullet\BulletCollision\BroadphaseCollision\btBroadphaseInterface.h">
      <Filter>bullet</Filter>
    </ClInclude>
    <ClInclude Include="bullet\BulletCollision\BroadphaseCollision\btBroadphaseProxy.h">
      <Filter>bullet</Filter>
    </ClInclude>
    <ClInclude Include="bullet\BulletCollision\CollisionShapes\btBvhTriangleMeshShape.h">
      <Filter>bullet</Filter>
    </ClInclude>
    <ClInclude Include="bullet\BulletCollision\CollisionShapes\btCapsuleShape.h">
      <Filter>bullet</Filter>
    </ClInclude>
    <ClInclude Include="bullet\BulletDynamics\Character\btCharacterControllerInterface.h">
      <Filter>bullet</Filter>
    </ClInclude>
    <ClInclude Include="bullet\BulletCollision\Gimpact\btClipPolygon.h">
      <Filter>bullet</Filter>
    </ClInclude>
    <ClInclude Include="bullet\BulletCollision\BroadphaseCollision\btCollisionAlgorithm.h">
      <Filter>bullet</Filter>
    </ClInclude>
    <ClInclude Include="bullet\BulletCollision\CollisionDispatch\btCollisionConfiguration.h">
      <Filter>bullet</Filter>
    </ClInclude>
    <ClInclude Include="bullet\BulletCollision\CollisionDispatch\btCollisionCreateFunc.h">
      <Filter>bullet</Filter>
    </ClInclude>
    <ClInclude Include="bullet\BulletCollision\CollisionDispatch\btCollisionDispatcher.h">
      <Filter>bullet</Filter>
    </ClInclude>
    <ClInclude Include="bullet\BulletCollision\CollisionShapes\btCollisionMargin.h">
      <Filter>bullet</Filter>
    </ClInclude>
    <ClInclude Include="bullet\BulletCollision\CollisionDispatch\btCollisionObject.h">
      <Filter>bullet</Filter>
    </ClInclude>
    <ClInclude Include="bullet\BulletCollision\CollisionShapes\btCollisionShape.h">
      <Filter>bullet</Filter>
    </ClInclude>
    <ClInclude Include="bullet\BulletCollision\CollisionDispatch\btCollisionWorld.h">
      <Filter>bullet</Filter>
    </ClInclude>
    <ClInclude Include="bullet\BulletCollision\CollisionDispatch\btCompoundCollisionAlgorithm.h">
      <Filter>bullet</Filter>
    </ClInclude>
    <ClInclude Include="bullet\BulletCollision\CollisionShapes\btCompoundShape.h">
      <Filter>bullet</Filter>
    </ClInclude>
    <ClInclude Include="bullet\BulletCollision\CollisionShapes\btConcaveShape.h">
      <Filter>bullet</Filter>
    </ClInclude>
    <ClInclude Include="bullet\BulletCollision\CollisionShapes\btConeShape.h">
      <Filter>bullet</Filter>
    </ClInclude>
    <ClInclude Include="bullet\BulletDynamics\ConstraintSolver\btConeTwistConstraint.h">
      <Filter>bullet</Filter>
    </ClInclude>
    <ClInclude Include="bullet\BulletDynamics\ConstraintSolver\btConstraintSolver.h">
      <Filter>bullet</Filter>
    </ClInclude>
    <ClInclude Include="bullet\BulletDynamics\ConstraintSolver\btContactConstraint.h">
      <Filter>bullet</Filter>
    </ClInclude>
    <ClInclude Include="bullet\BulletCollision\Gimpact\btContactProcessing.h">
      <Filter>bullet</Filter>
    </ClInclude>
    <ClInclude Include="bullet\BulletDynamics\ConstraintSolver\btContactSolverInfo.h">
      <Filter>bullet</Filter>
    </ClInclude>
    <ClInclude Include="bullet\BulletCollision\NarrowPhaseCollision\btContinuousConvexCollision.h">
      <Filter>bullet</Filter>
    </ClInclude>
    <ClInclude Include="bullet\BulletCollision\CollisionDispatch\btConvex2dConvex2dAlgorithm.h">
      <Filter>bullet</Filter>
    </ClInclude>
    <ClInclude Include="bullet\BulletCollision\CollisionShapes\btConvex2dShape.h">
      <Filter>bullet</Filter>
    </ClInclude>
    <ClInclude Include="bullet\BulletCollision\NarrowPhaseCollision\btConvexCast.h">
      <Filter>bullet</Filter>
    </ClInclude>
    <ClInclude Include="bullet\BulletCollision\CollisionDispatch\btConvexConcaveCollisionAlgorithm.h">
      <Filter>bullet</Filter>
    </ClInclude>
    <ClInclude Include="bullet\BulletCollision\CollisionDispatch\btConvexConvexAlgorithm.h">
      <Filter>bullet</Filter>
    </ClInclude>
    <ClInclude Include="bullet\LinearMath\btConvexHull.h">
      <Filter>bullet</Filter>
    </ClInclude>
    <ClInclude Include="bullet\LinearMath\btConvexHullComputer.h">
      <Filter>bullet</Filter>
    </ClInclude>
    <ClInclude Include="bullet\BulletCollision\CollisionShapes\btConvexHullShape.h">
      <Filter>bullet</Filter>
    </ClInclude>
    <ClInclude Include="bullet\BulletCollision\CollisionShapes\btConvexInternalShape.h">
      <Filter>bullet</Filter>
    </ClInclude>
    <ClInclude Include="bullet\BulletCollision\NarrowPhaseCollision\btConvexPenetrationDepthSolver.h">
      <Filter>bullet</Filter>
    </ClInclude>
    <ClInclude Include="bullet\BulletCollision\CollisionDispatch\btConvexPlaneCollisionAlgorithm.h">
      <Filter>bullet</Filter>
    </ClInclude>
    <ClInclude Include="bullet\BulletCollision\CollisionShapes\btConvexPointCloudShape.h">
      <Filter>bullet</Filter>
    </ClInclude>
    <ClInclude Include="bullet\BulletCollision\CollisionShapes\btConvexPolyhedron.h">
      <Filter>bullet</Filter>
    </ClInclude>
    <ClInclude Include="bullet\BulletCollision\CollisionShapes\btConvexShape.h">
      <Filter>bullet</Filter>
    </ClInclude>
    <ClInclude Include="bullet\BulletCollision\CollisionShapes\btConvexTriangleMeshShape.h">
      <Filter>bullet</Filter>
    </ClInclude>
    <ClInclude Include="bullet\BulletCollision\CollisionShapes\btCylinderShape.h">
      <Filter>bullet</Filter>
    </ClInclude>
    <ClInclude Include="bullet\BulletCollision\BroadphaseCollision\btDbvt.h">
      <Filter>bullet</Filter>
    </ClInclude>
    <ClInclude Include="bullet\BulletCollision\BroadphaseCollision\btDbvtBroadphase.h">
      <Filter>bullet</Filter>
    </ClInclude>
    <ClInclude Include="bullet\BulletCollision\CollisionDispatch\btDefaultCollisionConfiguration.h">
      <Filter>bullet</Filter>
    </ClInclude>
    <ClInclude Include="bullet\LinearMath\btDefaultMotionState.h">
      <Filter>bullet</Filter>
    </ClInclude>
    <ClInclude Include="bullet\BulletSoftBody\btDefaultSoftBodySolver.h">
      <Filter>bullet</Filter>
    </ClInclude>
    <ClInclude Include="bullet\BulletCollision\NarrowPhaseCollision\btDiscreteCollisionDetectorInterface.h">
      <Filter>bullet</Filter>
    </ClInclude>
    <ClInclude Include="bullet\BulletDynamics\Dynamics\btDiscreteDynamicsWorld.h">
      <Filter>bullet</Filter>
    </ClInclude>
    <ClInclude Include="bullet\BulletCollision\BroadphaseCollision\btDispatcher.h">
      <Filter>bullet</Filter>
    </ClInclude>
    <ClInclude Include="bullet\BulletDynamics\Dynamics\btDynamicsWorld.h">
      <Filter>bullet</Filter>
    </ClInclude>
    <ClInclude Include="bullet\BulletCollision\CollisionDispatch\btEmptyCollisionAlgorithm.h">
      <Filter>bullet</Filter>
    </ClInclude>
    <ClInclude Include="bullet\BulletCollision\CollisionShapes\btEmptyShape.h">
      <Filter>bullet</Filter>
    </ClInclude>
    <ClInclude Include="bullet\BulletDynamics\ConstraintSolver\btGeneric6DofConstraint.h">
      <Filter>bullet</Filter>
    </ClInclude>
    <ClInclude Include="bullet\BulletDynamics\ConstraintSolver\btGeneric6DofSpringConstraint.h">
      <Filter>bullet</Filter>
    </ClInclude>
    <ClInclude Include="bullet\BulletCollision\Gimpact\btGenericPoolAllocator.h">
      <Filter>bullet</Filter>
    </ClInclude>
    <ClInclude Include="bullet\BulletCollision\Gimpact\btGeometryOperations.h">
      <Filter>bullet</Filter>
    </ClInclude>
    <ClInclude Include="bullet\LinearMath\btGeometryUtil.h">
      <Filter>bullet</Filter>
    </ClInclude>
    <ClInclude Include="bullet\BulletCollision\CollisionDispatch\btGhostObject.h">
      <Filter>bullet</Filter>
    </ClInclude>
    <ClInclude Include="bullet\BulletCollision\Gimpact\btGImpactBvh.h">
      <Filter>bullet</Filter>
    </ClInclude>
    <ClInclude Include="bullet\BulletCollision\Gimpact\btGImpactCollisionAlgorithm.h">
      <Filter>bullet</Filter>
    </ClInclude>
    <ClInclude Include="bullet\BulletCollision\Gimpact\btGImpactMassUtil.h">
      <Filter>bullet</Filter>
    </ClInclude>
    <ClInclude Include="bullet\BulletCollision\Gimpact\btGImpactQuantizedBvh.h">
      <Filter>bullet</Filter>
    </ClInclude>
    <ClInclude Include="bullet\BulletCollision\Gimpact\btGImpactShape.h">
      <Filter>bullet</Filter>
    </ClInclude>
    <ClInclude Include="bullet\BulletCollision\NarrowPhaseCollision\btGjkConvexCast.h">
      <Filter>bullet</Filter>
    </ClInclude>
    <ClInclude Include="bullet\BulletCollision\NarrowPhaseCollision\btGjkEpa2.h">
      <Filter>bullet</Filter>
    </ClInclude>
    <ClInclude Include="bullet\BulletCollision\NarrowPhaseCollision\btGjkEpaPenetrationDepthSolver.h">
      <Filter>bullet</Filter>
    </ClInclude>
    <ClInclude Include="bullet\BulletCollision\NarrowPhaseCollision\btGjkPairDetector.h">
      <Filter>bullet</Filter>
    </ClInclude>
    <ClInclude Include="bullet\BulletMultiThreaded\btGpu3DGridBroadphase.h">
      <Filter>bullet</Filter>
    </ClInclude>
    <ClInclude Include="bullet\BulletMultiThreaded\btGpu3DGridBroadphaseSharedCode.h">
      <Filter>bullet</Filter>
    </ClInclude>
    <ClInclude Include="bullet\BulletMultiThreaded\btGpu3DGridBroadphaseSharedDefs.h">
      <Filter>bullet</Filter>
    </ClInclude>
    <ClInclude Include="bullet\BulletMultiThreaded\btGpu3DGridBroadphaseSharedTypes.h">
      <Filter>bullet</Filter>
    </ClInclude>
    <ClInclude Include="bullet\BulletMultiThreaded\btGpuDefines.h">
      <Filter>bullet</Filter>
    </ClInclude>
    <ClInclude Include="bullet\BulletMultiThreaded\btGpuUtilsSharedCode.h">
      <Filter>bullet</Filter>
    </ClInclude>
    <ClInclude Include="bullet\BulletMultiThreaded\btGpuUtilsSharedDefs.h">
      <Filter>bullet</Filter>
    </ClInclude>
    <ClInclude Include="bullet\LinearMath\btGrahamScan2dConvexHull.h">
      <Filter>bullet</Filter>
    </ClInclude>
    <ClInclude Include="bullet\LinearMath\btHashMap.h">
      <Filter>bullet</Filter>
    </ClInclude>
    <ClInclude Include="bullet\BulletCollision\CollisionShapes\btHeightfieldTerrainShape.h">
      <Filter>bullet</Filter>
    </ClInclude>
    <ClInclude Include="bullet\BulletDynamics\ConstraintSolver\btHinge2Constraint.h">
      <Filter>bullet</Filter>
    </ClInclude>
    <ClInclude Include="bullet\BulletDynamics\ConstraintSolver\btHingeConstraint.h">
      <Filter>bullet</Filter>
    </ClInclude>
    <ClInclude Include="bullet\LinearMath\btIDebugDraw.h">
      <Filter>bullet</Filter>
    </ClInclude>
    <ClInclude Include="bullet\BulletCollision\CollisionDispatch\btInternalEdgeUtility.h">
      <Filter>bullet</Filter>
    </ClInclude>
    <ClInclude Include="bullet\BulletDynamics\ConstraintSolver\btJacobianEntry.h">
      <Filter>bullet</Filter>
    </ClInclude>
    <ClInclude Include="bullet\BulletDynamics\Character\btKinematicCharacterController.h">
      <Filter>bullet</Filter>
    </ClInclude>
    <ClInclude Include="bullet\LinearMath\btList.h">
      <Filter>bullet</Filter>
    </ClInclude>
    <ClInclude Include="bullet\BulletCollision\NarrowPhaseCollision\btManifoldPoint.h">
      <Filter>bullet</Filter>
    </ClInclude>
    <ClInclude Include="bullet\BulletCollision\CollisionDispatch\btManifoldResult.h">
      <Filter>bullet</Filter>
    </ClInclude>
    <ClInclude Include="bullet\BulletCollision\CollisionShapes\btMaterial.h">
      <Filter>bullet</Filter>
    </ClInclude>
    <ClInclude Include="bullet\LinearMath\btMatrix3x3.h">
      <Filter>bullet</Filter>
    </ClInclude>
    <ClInclude Include="bullet\BulletCollision\NarrowPhaseCollision\btMinkowskiPenetrationDepthSolver.h">
      <Filter>bullet</Filter>
    </ClInclude>
    <ClInclude Include="bullet\BulletCollision\CollisionShapes\btMinkowskiSumShape.h">
      <Filter>bullet</Filter>
    </ClInclude>
    <ClInclude Include="bullet\LinearMath\btMinMax.h">
      <Filter>bullet</Filter>
    </ClInclude>
    <ClInclude Include="bullet\LinearMath\btMotionState.h">
      <Filter>bullet</Filter>
    </ClInclude>
    <ClInclude Include="bullet\BulletCollision\CollisionShapes\btMultimaterialTriangleMeshShape.h">
      <Filter>bullet</Filter>
    </ClInclude>
    <ClInclude Include="bullet\BulletCollision\BroadphaseCollision\btMultiSapBroadphase.h">
      <Filter>bullet</Filter>
    </ClInclude>
    <ClInclude Include="bullet\BulletCollision\CollisionShapes\btMultiSphereShape.h">
      <Filter>bullet</Filter>
    </ClInclude>
    <ClInclude Include="bullet\BulletCollision\CollisionShapes\btOptimizedBvh.h">
      <Filter>bullet</Filter>
    </ClInclude>
    <ClInclude Include="bullet\BulletCollision\BroadphaseCollision\btOverlappingPairCache.h">
      <Filter>bullet</Filter>
    </ClInclude>
    <ClInclude Include="bullet\BulletCollision\BroadphaseCollision\btOverlappingPairCallback.h">
      <Filter>bullet</Filter>
    </ClInclude>
    <ClInclude Include="bullet\BulletMultiThreaded\btParallelConstraintSolver.h">
      <Filter>bullet</Filter>
    </ClInclude>
    <ClInclude Include="bullet\BulletCollision\NarrowPhaseCollision\btPersistentManifold.h">
      <Filter>bullet</Filter>
    </ClInclude>
    <ClInclude Include="bullet\BulletDynamics\ConstraintSolver\btPoint2PointConstraint.h">
      <Filter>bullet</Filter>
    </ClInclude>
    <ClInclude Include="bullet\BulletCollision\NarrowPhaseCollision\btPointCollector.h">
      <Filter>bullet</Filter>
    </ClInclude>
    <ClInclude Include="bullet\BulletCollision\NarrowPhaseCollision\btPolyhedralContactClipping.h">
      <Filter>bullet</Filter>
    </ClInclude>
    <ClInclude Include="bullet\BulletCollision\CollisionShapes\btPolyhedralConvexShape.h">
      <Filter>bullet</Filter>
    </ClInclude>
    <ClInclude Include="bullet\LinearMath\btPoolAllocator.h">
      <Filter>bullet</Filter>
    </ClInclude>
    <ClInclude Include="bullet\LinearMath\btQuadWord.h">
      <Filter>bullet</Filter>
    </ClInclude>
    <ClInclude Include="bullet\BulletCollision\Gimpact\btQuantization.h">
      <Filter>bullet</Filter>
    </ClInclude>
    <ClInclude Include="bullet\BulletCollision\BroadphaseCollision\btQuantizedBvh.h">
      <Filter>bullet</Filter>
    </ClInclude>
    <ClInclude Include="bullet\LinearMath\btQuaternion.h">
      <Filter>bullet</Filter>
    </ClInclude>
    <ClInclude Include="bullet\LinearMath\btQuickprof.h">
      <Filter>bullet</Filter>
    </ClInclude>
    <ClInclude Include="bullet\LinearMath\btRandom.h">
      <Filter>bullet</Filter>
    </ClInclude>
    <ClInclude Include="bullet\BulletCollision\NarrowPhaseCollision\btRaycastCallback.h">
      <Filter>bullet</Filter>
    </ClInclude>
    <ClInclude Include="bullet\BulletDynamics\Vehicle\btRaycastVehicle.h">
      <Filter>bullet</Filter>
    </ClInclude>
    <ClInclude Include="bullet\BulletDynamics\Dynamics\btRigidBody.h">
      <Filter>bullet</Filter>
    </ClInclude>
    <ClInclude Include="bullet\LinearMath\btScalar.h">
      <Filter>bullet</Filter>
    </ClInclude>
    <ClInclude Include="bullet\BulletCollision\CollisionShapes\btScaledBvhTriangleMeshShape.h">
      <Filter>bullet</Filter>
    </ClInclude>
    <ClInclude Include="bullet\BulletDynamics\ConstraintSolver\btSequentialImpulseConstraintSolver.h">
      <Filter>bullet</Filter>
    </ClInclude>
    <ClInclude Include="bullet\LinearMath\btSerializer.h">
      <Filter>bullet</Filter>
    </ClInclude>
    <ClInclude Include="bullet\BulletCollision\CollisionShapes\btShapeHull.h">
      <Filter>bullet</Filter>
    </ClInclude>
    <ClInclude Include="bullet\BulletCollision\BroadphaseCollision\btSimpleBroadphase.h">
      <Filter>bullet</Filter>
    </ClInclude>
    <ClInclude Include="bullet\BulletDynamics\Dynamics\btSimpleDynamicsWorld.h">
      <Filter>bullet</Filter>
    </ClInclude>
    <ClInclude Include="bullet\BulletCollision\NarrowPhaseCollision\btSimplexSolverInterface.h">
      <Filter>bullet</Filter>
    </ClInclude>
    <ClInclude Include="bullet\BulletCollision\CollisionDispatch\btSimulationIslandManager.h">
      <Filter>bullet</Filter>
    </ClInclude>
    <ClInclude Include="bullet\BulletDynamics\ConstraintSolver\btSliderConstraint.h">
      <Filter>bullet</Filter>
    </ClInclude>
    <ClInclude Include="bullet\BulletSoftBody\btSoftBody.h">
      <Filter>bullet</Filter>
    </ClInclude>
    <ClInclude Include="bullet\BulletSoftBody\btSoftBodyConcaveCollisionAlgorithm.h">
      <Filter>bullet</Filter>
    </ClInclude>
    <ClInclude Include="bullet\BulletSoftBody\btSoftBodyData.h">
      <Filter>bullet</Filter>
    </ClInclude>
    <ClInclude Include="bullet\BulletSoftBody\btSoftBodyHelpers.h">
      <Filter>bullet</Filter>
    </ClInclude>
    <ClInclude Include="bullet\BulletSoftBody\btSoftBodyInternals.h">
      <Filter>bullet</Filter>
    </ClInclude>
    <ClInclude Include="bullet\BulletSoftBody\btSoftBodyRigidBodyCollisionConfiguration.h">
      <Filter>bullet</Filter>
    </ClInclude>
    <ClInclude Include="bullet\BulletMultiThreaded\GpuSoftBodySolvers\DX11\btSoftBodySolver_DX11.h">
      <Filter>bullet</Filter>
    </ClInclude>
    <ClInclude Include="bullet\BulletMultiThreaded\GpuSoftBodySolvers\DX11\btSoftBodySolver_DX11SIMDAware.h">
      <Filter>bullet</Filter>
    </ClInclude>
    <ClInclude Include="bullet\BulletMultiThreaded\GpuSoftBodySolvers\OpenCL\btSoftBodySolver_OpenCL.h">
      <Filter>bullet</Filter>
    </ClInclude>
    <ClInclude Include="bullet\BulletMultiThreaded\GpuSoftBodySolvers\OpenCL\btSoftBodySolver_OpenCLSIMDAware.h">
      <Filter>bullet</Filter>
    </ClInclude>
    <ClInclude Include="bullet\BulletMultiThreaded\GpuSoftBodySolvers\DX11\btSoftBodySolverBuffer_DX11.h">
      <Filter>bullet</Filter>
    </ClInclude>
    <ClInclude Include="bullet\BulletMultiThreaded\GpuSoftBodySolvers\OpenCL\btSoftBodySolverBuffer_OpenCL.h">
      <Filter>bullet</Filter>
    </ClInclude>
    <ClInclude Include="bullet\BulletMultiThreaded\GpuSoftBodySolvers\Shared\btSoftBodySolverData.h">
      <Filter>bullet</Filter>
    </ClInclude>
    <ClInclude Include="bullet\BulletMultiThreaded\GpuSoftBodySolvers\DX11\btSoftBodySolverLinkData_DX11.h">
      <Filter>bullet</Filter>
    </ClInclude>
    <ClInclude Include="bullet\BulletMultiThreaded\GpuSoftBodySolvers\DX11\btSoftBodySolverLinkData_DX11SIMDAware.h">
      <Filter>bullet</Filter>
    </ClInclude>
    <ClInclude Include="bullet\BulletMultiThreaded\GpuSoftBodySolvers\OpenCL\btSoftBodySolverLinkData_OpenCL.h">
      <Filter>bullet</Filter>
    </ClInclude>
    <ClInclude Include="bullet\BulletMultiThreaded\GpuSoftBodySolvers\OpenCL\btSoftBodySolverLinkData_OpenCLSIMDAware.h">
      <Filter>bullet</Filter>
    </ClInclude>
    <ClInclude Include="bullet\BulletMultiThreaded\GpuSoftBodySolvers\OpenCL\btSoftBodySolverOutputCLtoGL.h">
      <Filter>bullet</Filter>
    </ClInclude>
    <ClInclude Include="bullet\BulletSoftBody\btSoftBodySolvers.h">
      <Filter>bullet</Filter>
    </ClInclude>
    <ClInclude Include="bullet\BulletMultiThreaded\GpuSoftBodySolvers\DX11\btSoftBodySolverTriangleData_DX11.h">
      <Filter>bullet</Filter>
    </ClInclude>
    <ClInclude Include="bullet\BulletMultiThreaded\GpuSoftBodySolvers\OpenCL\btSoftBodySolverTriangleData_OpenCL.h">
      <Filter>bullet</Filter>
    </ClInclude>
    <ClInclude Include="bullet\BulletSoftBody\btSoftBodySolverVertexBuffer.h">
      <Filter>bullet</Filter>
    </ClInclude>
    <ClInclude Include="bullet\BulletMultiThreaded\GpuSoftBodySolvers\DX11\btSoftBodySolverVertexBuffer_DX11.h">
      <Filter>bullet</Filter>
    </ClInclude>
    <ClInclude Include="bullet\BulletMultiThreaded\GpuSoftBodySolvers\OpenCL\btSoftBodySolverVertexBuffer_OpenGL.h">
      <Filter>bullet</Filter>
    </ClInclude>
    <ClInclude Include="bullet\BulletMultiThreaded\GpuSoftBodySolvers\DX11\btSoftBodySolverVertexData_DX11.h">
      <Filter>bullet</Filter>
    </ClInclude>
    <ClInclude Include="bullet\BulletMultiThreaded\GpuSoftBodySolvers\OpenCL\btSoftBodySolverVertexData_OpenCL.h">
      <Filter>bullet</Filter>
    </ClInclude>
    <ClInclude Include="bullet\BulletSoftBody\btSoftRigidCollisionAlgorithm.h">
      <Filter>bullet</Filter>
    </ClInclude>
    <ClInclude Include="bullet\BulletSoftBody\btSoftRigidDynamicsWorld.h">
      <Filter>bullet</Filter>
    </ClInclude>
    <ClInclude Include="bullet\BulletSoftBody\btSoftSoftCollisionAlgorithm.h">
      <Filter>bullet</Filter>
    </ClInclude>
    <ClInclude Include="bullet\BulletDynamics\ConstraintSolver\btSolve2LinearConstraint.h">
      <Filter>bullet</Filter>
    </ClInclude>
    <ClInclude Include="bullet\BulletDynamics\ConstraintSolver\btSolverBody.h">
      <Filter>bullet</Filter>
    </ClInclude>
    <ClInclude Include="bullet\BulletDynamics\ConstraintSolver\btSolverConstraint.h">
      <Filter>bullet</Filter>
    </ClInclude>
    <ClInclude Include="bullet\BulletSoftBody\btSparseSDF.h">
      <Filter>bullet</Filter>
    </ClInclude>
    <ClInclude Include="bullet\BulletCollision\CollisionDispatch\btSphereBoxCollisionAlgorithm.h">
      <Filter>bullet</Filter>
    </ClInclude>
    <ClInclude Include="bullet\BulletCollision\CollisionShapes\btSphereShape.h">
      <Filter>bullet</Filter>
    </ClInclude>
    <ClInclude Include="bullet\BulletCollision\CollisionDispatch\btSphereSphereCollisionAlgorithm.h">
      <Filter>bullet</Filter>
    </ClInclude>
    <ClInclude Include="bullet\BulletCollision\CollisionDispatch\btSphereTriangleCollisionAlgorithm.h">
      <Filter>bullet</Filter>
    </ClInclude>
    <ClInclude Include="bullet\LinearMath\btStackAlloc.h">
      <Filter>bullet</Filter>
    </ClInclude>
    <ClInclude Include="bullet\BulletCollision\CollisionShapes\btStaticPlaneShape.h">
      <Filter>bullet</Filter>
    </ClInclude>
    <ClInclude Include="bullet\BulletCollision\CollisionShapes\btStridingMeshInterface.h">
      <Filter>bullet</Filter>
    </ClInclude>
    <ClInclude Include="bullet\BulletCollision\NarrowPhaseCollision\btSubSimplexConvexCast.h">
      <Filter>bullet</Filter>
    </ClInclude>
    <ClInclude Include="bullet\BulletCollision\CollisionShapes\btTetrahedronShape.h">
      <Filter>bullet</Filter>
    </ClInclude>
    <ClInclude Include="bullet\BulletMultiThreaded\btThreadSupportInterface.h">
      <Filter>bullet</Filter>
    </ClInclude>
    <ClInclude Include="bullet\LinearMath\btTransform.h">
      <Filter>bullet</Filter>
    </ClInclude>
    <ClInclude Include="bullet\LinearMath\btTransformUtil.h">
      <Filter>bullet</Filter>
    </ClInclude>
    <ClInclude Include="bullet\BulletCollision\CollisionShapes\btTriangleBuffer.h">
      <Filter>bullet</Filter>
    </ClInclude>
    <ClInclude Include="bullet\BulletCollision\CollisionShapes\btTriangleCallback.h">
      <Filter>bullet</Filter>
    </ClInclude>
    <ClInclude Include="bullet\BulletCollision\CollisionShapes\btTriangleIndexVertexArray.h">
      <Filter>bullet</Filter>
    </ClInclude>
    <ClInclude Include="bullet\BulletCollision\CollisionShapes\btTriangleIndexVertexMaterialArray.h">
      <Filter>bullet</Filter>
    </ClInclude>
    <ClInclude Include="bullet\BulletCollision\CollisionShapes\btTriangleInfoMap.h">
      <Filter>bullet</Filter>
    </ClInclude>
    <ClInclude Include="bullet\BulletCollision\CollisionShapes\btTriangleMesh.h">
      <Filter>bullet</Filter>
    </ClInclude>
    <ClInclude Include="bullet\BulletCollision\CollisionShapes\btTriangleMeshShape.h">
      <Filter>bullet</Filter>
    </ClInclude>
    <ClInclude Include="bullet\BulletCollision\CollisionShapes\btTriangleShape.h">
      <Filter>bullet</Filter>
    </ClInclude>
    <ClInclude Include="bullet\BulletCollision\Gimpact\btTriangleShapeEx.h">
      <Filter>bullet</Filter>
    </ClInclude>
    <ClInclude Include="bullet\BulletDynamics\ConstraintSolver\btTypedConstraint.h">
      <Filter>bullet</Filter>
    </ClInclude>
    <ClInclude Include="bullet\BulletCollision\CollisionShapes\btUniformScalingShape.h">
      <Filter>bullet</Filter>
    </ClInclude>
    <ClInclude Include="bullet\BulletCollision\CollisionDispatch\btUnionFind.h">
      <Filter>bullet</Filter>
    </ClInclude>
    <ClInclude Include="bullet\BulletDynamics\ConstraintSolver\btUniversalConstraint.h">
      <Filter>bullet</Filter>
    </ClInclude>
    <ClInclude Include="bullet\LinearMath\btVector3.h">
      <Filter>bullet</Filter>
    </ClInclude>
    <ClInclude Include="bullet\BulletDynamics\Vehicle\btVehicleRaycaster.h">
      <Filter>bullet</Filter>
    </ClInclude>
    <ClInclude Include="bullet\BulletCollision\NarrowPhaseCollision\btVoronoiSimplexSolver.h">
      <Filter>bullet</Filter>
    </ClInclude>
    <ClInclude Include="bullet\BulletDynamics\Vehicle\btWheelInfo.h">
      <Filter>bullet</Filter>
    </ClInclude>
    <ClInclude Include="bullet\BulletCollision\Gimpact\gim_array.h">
      <Filter>bullet</Filter>
    </ClInclude>
    <ClInclude Include="bullet\BulletCollision\Gimpact\gim_basic_geometry_operations.h">
      <Filter>bullet</Filter>
    </ClInclude>
    <ClInclude Include="bullet\BulletCollision\Gimpact\gim_bitset.h">
      <Filter>bullet</Filter>
    </ClInclude>
    <ClInclude Include="bullet\BulletCollision\Gimpact\gim_box_collision.h">
      <Filter>bullet</Filter>
    </ClInclude>
    <ClInclude Include="bullet\BulletCollision\Gimpact\gim_box_set.h">
      <Filter>bullet</Filter>
    </ClInclude>
    <ClInclude Include="bullet\BulletCollision\Gimpact\gim_clip_polygon.h">
      <Filter>bullet</Filter>
    </ClInclude>
    <ClInclude Include="bullet\BulletCollision\Gimpact\gim_contact.h">
      <Filter>bullet</Filter>
    </ClInclude>
    <ClInclude Include="bullet\BulletCollision\Gimpact\gim_geom_types.h">
      <Filter>bullet</Filter>
    </ClInclude>
    <ClInclude Include="bullet\BulletCollision\Gimpact\gim_geometry.h">
      <Filter>bullet</Filter>
    </ClInclude>
    <ClInclude Include="bullet\BulletCollision\Gimpact\gim_hash_table.h">
      <Filter>bullet</Filter>
    </ClInclude>
    <ClInclude Include="bullet\BulletCollision\Gimpact\gim_linear_math.h">
      <Filter>bullet</Filter>
    </ClInclude>
    <ClInclude Include="bullet\BulletCollision\Gimpact\gim_math.h">
      <Filter>bullet</Filter>
    </ClInclude>
    <ClInclude Include="bullet\BulletCollision\Gimpact\gim_memory.h">
      <Filter>bullet</Filter>
    </ClInclude>
    <ClInclude Include="bullet\BulletCollision\Gimpact\gim_radixsort.h">
      <Filter>bullet</Filter>
    </ClInclude>
    <ClInclude Include="bullet\BulletCollision\Gimpact\gim_tri_collision.h">
      <Filter>bullet</Filter>
    </ClInclude>
    <ClInclude Include="bullet\BulletMultiThreaded\HeapManager.h">
      <Filter>bullet</Filter>
    </ClInclude>
    <ClInclude Include="bullet\BulletMultiThreaded\PlatformDefinitions.h">
      <Filter>bullet</Filter>
    </ClInclude>
    <ClInclude Include="bullet\BulletMultiThreaded\PosixThreadSupport.h">
      <Filter>bullet</Filter>
    </ClInclude>
    <ClInclude Include="bullet\BulletMultiThreaded\PpuAddressSpace.h">
      <Filter>bullet</Filter>
    </ClInclude>
    <ClInclude Include="bullet\BulletMultiThreaded\SequentialThreadSupport.h">
      <Filter>bullet</Filter>
    </ClInclude>
    <ClInclude Include="bullet\BulletCollision\CollisionDispatch\SphereTriangleDetector.h">
      <Filter>bullet</Filter>
    </ClInclude>
    <ClInclude Include="bullet\BulletMultiThreaded\SpuCollisionObjectWrapper.h">
      <Filter>bullet</Filter>
    </ClInclude>
    <ClInclude Include="bullet\BulletMultiThreaded\SpuNarrowPhaseCollisionTask\SpuCollisionShapes.h">
      <Filter>bullet</Filter>
    </ClInclude>
    <ClInclude Include="bullet\BulletMultiThreaded\SpuCollisionTaskProcess.h">
      <Filter>bullet</Filter>
    </ClInclude>
    <ClInclude Include="bullet\BulletMultiThreaded\SpuContactManifoldCollisionAlgorithm.h">
      <Filter>bullet</Filter>
    </ClInclude>
    <ClInclude Include="bullet\BulletMultiThreaded\SpuNarrowPhaseCollisionTask\SpuContactResult.h">
      <Filter>bullet</Filter>
    </ClInclude>
    <ClInclude Include="bullet\BulletMultiThreaded\SpuNarrowPhaseCollisionTask\SpuConvexPenetrationDepthSolver.h">
      <Filter>bullet</Filter>
    </ClInclude>
    <ClInclude Include="bullet\BulletMultiThreaded\SpuDoubleBuffer.h">
      <Filter>bullet</Filter>
    </ClInclude>
    <ClInclude Include="bullet\BulletMultiThreaded\SpuFakeDma.h">
      <Filter>bullet</Filter>
    </ClInclude>
    <ClInclude Include="bullet\BulletMultiThreaded\SpuGatheringCollisionDispatcher.h">
      <Filter>bullet</Filter>
    </ClInclude>
    <ClInclude Include="bullet\BulletMultiThreaded\SpuNarrowPhaseCollisionTask\SpuGatheringCollisionTask.h">
      <Filter>bullet</Filter>
    </ClInclude>
    <ClInclude Include="bullet\BulletMultiThreaded\SpuLibspe2Support.h">
      <Filter>bullet</Filter>
    </ClInclude>
    <ClInclude Include="bullet\BulletMultiThreaded\SpuNarrowPhaseCollisionTask\SpuLocalSupport.h">
      <Filter>bullet</Filter>
    </ClInclude>
    <ClInclude Include="bullet\BulletMultiThreaded\SpuNarrowPhaseCollisionTask\SpuMinkowskiPenetrationDepthSolver.h">
      <Filter>bullet</Filter>
    </ClInclude>
    <ClInclude Include="bullet\BulletMultiThreaded\SpuNarrowPhaseCollisionTask\SpuPreferredPenetrationDirections.h">
      <Filter>bullet</Filter>
    </ClInclude>
    <ClInclude Include="bullet\BulletMultiThreaded\SpuSampleTask\SpuSampleTask.h">
      <Filter>bullet</Filter>
    </ClInclude>
    <ClInclude Include="bullet\BulletMultiThreaded\SpuSampleTaskProcess.h">
      <Filter>bullet</Filter>
    </ClInclude>
    <ClInclude Include="bullet\BulletMultiThreaded\SpuSync.h">
      <Filter>bullet</Filter>
    </ClInclude>
    <ClInclude Include="bullet\BulletMultiThreaded\TrbDynBody.h">
      <Filter>bullet</Filter>
    </ClInclude>
    <ClInclude Include="bullet\BulletMultiThreaded\TrbStateVec.h">
      <Filter>bullet</Filter>
    </ClInclude>
    <ClInclude Include="bullet\BulletMultiThreaded\vectormath2bullet.h">
      <Filter>bullet</Filter>
    </ClInclude>
    <ClInclude Include="gpu\lolfx-compiler.h">
      <Filter>src\gpu</Filter>
    </ClInclude>
    <ClInclude Include="gpu\lolfx.h">
      <Filter>src\gpu</Filter>
    </ClInclude>
    <ClInclude Include="generated\lolfx-parser.h">
      <Filter>src\gpu</Filter>
    </ClInclude>
    <ClInclude Include="platform\ps3\ps3app.h">
      <Filter>src\platform\ps3</Filter>
    </ClInclude>
    <ClInclude Include="platform\ps3\ps3input.h">
      <Filter>src\platform\ps3</Filter>
    </ClInclude>
    <ClInclude Include="platform\ps3\threadbase.h">
      <Filter>src\platform\ps3</Filter>
    </ClInclude>
    <ClInclude Include="lol\core\array.h">
      <Filter>src\lol\core</Filter>
    </ClInclude>
    <ClInclude Include="lol\core\hash.h">
      <Filter>src\lol\core</Filter>
    </ClInclude>
    <ClInclude Include="lol\core\string.h">
      <Filter>src\lol\core</Filter>
    </ClInclude>
    <ClInclude Include="lol\core\types.h">
      <Filter>src\lol\core</Filter>
    </ClInclude>
    <ClInclude Include="lol\core\map.h">
      <Filter>src\lol\core</Filter>
    </ClInclude>
    <ClInclude Include="map.h">
      <Filter>src\...</Filter>
    </ClInclude>
  </ItemGroup>
  <ItemGroup>
    <LolFxCompile Include="gpu\emptymaterial.lolfx">
      <Filter>src\gpu</Filter>
    </LolFxCompile>
    <LolFxCompile Include="gpu\defaultmaterial.lolfx">
      <Filter>src\gpu</Filter>
    </LolFxCompile>
    <LolFxCompile Include="gpu\testmaterial.lolfx">
      <Filter>src\gpu</Filter>
    </LolFxCompile>
    <LolFxCompile Include="easymesh\shiny.lolfx">
      <Filter>src\easymesh</Filter>
    </LolFxCompile>
    <LolFxCompile Include="gpu\tile.lolfx" />
    <LolFxCompile Include="gradient.lolfx" />
  </ItemGroup>
  <ItemGroup>
    <None Include="easymesh\easymesh-parser.y">
      <Filter>src\easymesh</Filter>
    </None>
    <None Include="easymesh\easymesh-scanner.l">
      <Filter>src\easymesh</Filter>
    </None>
    <None Include="gpu\lolfx-scanner.l">
      <Filter>src\gpu</Filter>
    </None>
    <None Include="gpu\lolfx-parser.y">
      <Filter>src\gpu</Filter>
    </None>
  </ItemGroup>
</Project>
