<?xml version="1.0" encoding="utf-8"?>
<Project ToolsVersion="4.0" xmlns="http://schemas.microsoft.com/developer/msbuild/2003">
  <ItemGroup>
    <ClCompile Include="net\http.cpp">
      <Filter>net</Filter>
    </ClCompile>
    <ClCompile Include="sys\init.cpp">
      <Filter>sys</Filter>
    </ClCompile>
    <ClCompile Include="sys\main.cpp">
      <Filter>sys</Filter>
    </ClCompile>
    <ClCompile Include="audio\audio.cpp">
      <Filter>audio</Filter>
    </ClCompile>
  </ItemGroup>
  <ItemGroup>
    <ClInclude Include="include\lol\engine\private\net\http.h">
      <Filter>lol\engine\private\net</Filter>
    </ClInclude>
    <ClInclude Include="include\lol\engine\private\sys\init.h">
      <Filter>lol\engine\private\sys</Filter>
    </ClInclude>
    <ClInclude Include="include\lol\engine\net">
      <Filter>lol\engine</Filter>
    </ClInclude>
    <ClInclude Include="include\lol\engine\sys">
      <Filter>lol\engine</Filter>
    </ClInclude>
    <ClInclude Include="include\lol\engine\audio">
      <Filter>lol\engine</Filter>
    </ClInclude>
    <ClInclude Include="include\lol\engine\private\audio\audio.h">
      <Filter>lol\engine\private\audio</Filter>
    </ClInclude>
    <ClInclude Include="include\lol\engine\private\sys\registry.ipp">
      <Filter>lol\engine\private\sys</Filter>
    </ClInclude>
  </ItemGroup>
  <ItemGroup>
    <Filter Include="...">
      <UniqueIdentifier>{3592ed6a-59d7-4a6d-be5a-c05cb5dab730}</UniqueIdentifier>
    </Filter>
    <Filter Include="lol">
      <UniqueIdentifier>{0edcf1a5-3c9c-4425-918c-aa2cbebc51c1}</UniqueIdentifier>
    </Filter>
    <Filter Include="net">
      <UniqueIdentifier>{0db6de04-6778-43ed-81c6-0ac49c0481f4}</UniqueIdentifier>
    </Filter>
    <Filter Include="lol\engine">
      <UniqueIdentifier>{35a2d521-3163-4f70-9d89-7a126106747e}</UniqueIdentifier>
    </Filter>
    <Filter Include="lol\engine\private">
      <UniqueIdentifier>{d6f32a69-7475-4270-9d5b-775cd2c43517}</UniqueIdentifier>
    </Filter>
    <Filter Include="lol\engine\private\net">
      <UniqueIdentifier>{59f31039-b311-4ebf-a900-e0f7567eb636}</UniqueIdentifier>
    </Filter>
    <Filter Include="lol\engine\private\sys">
      <UniqueIdentifier>{9f7a0c33-3dd7-40d2-906a-0dfb34a472fe}</UniqueIdentifier>
    </Filter>
    <Filter Include="sys">
      <UniqueIdentifier>{26a736fb-5b33-4b65-9991-01c0976d2206}</UniqueIdentifier>
    </Filter>
    <Filter Include="lol\engine\private\audio">
      <UniqueIdentifier>{0b56d1e3-bb08-4d91-831d-dbad4ca9de13}</UniqueIdentifier>
    </Filter>
    <Filter Include="audio">
      <UniqueIdentifier>{2d3e8807-09ec-40e7-9e32-a09ccbde3786}</UniqueIdentifier>
    </Filter>
  </ItemGroup>
  <ItemGroup>
    <LolEmbed Include="data\black.png" />
    <LolEmbed Include="data\font\ascii.png" />
  </ItemGroup>
</Project>